// !$*UTF8*$!
{
	archiveVersion = 1;
	classes = {
	};
	objectVersion = 46;
	objects = {

/* Begin PBXBuildFile section */
		3A027B4784FC1670EB3E7BFD /* libPods-Swipe Translate.a in Frameworks */ = {isa = PBXBuildFile; fileRef = 554B2043A2444DF8BA1F51B0 /* libPods-Swipe Translate.a */; };
		75F8671F1BA649AE00392E74 /* PopupMenu.m in Sources */ = {isa = PBXBuildFile; fileRef = 75F8671E1BA649AE00392E74 /* PopupMenu.m */; };
		A8C0A0A13DB5A762BB656252 /* libPods-Swipe Translate Widget.a in Frameworks */ = {isa = PBXBuildFile; fileRef = 07BC85D0DDB0765A13935BD8 /* libPods-Swipe Translate Widget.a */; };
		CD0A5D8420403D7C00C5984D /* STAPIServiceImpl.m in Sources */ = {isa = PBXBuildFile; fileRef = CD0A5D8320403D7C00C5984D /* STAPIServiceImpl.m */; };
		CD0A5D8720406A6000C5984D /* STParserResult.m in Sources */ = {isa = PBXBuildFile; fileRef = CD0A5D8620406A6000C5984D /* STParserResult.m */; };
		CD12BB711BD849D8003ED768 /* WidgetView.m in Sources */ = {isa = PBXBuildFile; fileRef = CD12BB701BD849D8003ED768 /* WidgetView.m */; };
		CD1A16DA1BF557AB00EA90D3 /* Credits.rtf in Resources */ = {isa = PBXBuildFile; fileRef = CD1A16D91BF557AB00EA90D3 /* Credits.rtf */; };
		CD4BFAC01E4235650089AEC5 /* STLanguageTextField.m in Sources */ = {isa = PBXBuildFile; fileRef = CD4BFABF1E4235650089AEC5 /* STLanguageTextField.m */; };
		CD6F632520151B5F009A5720 /* STTranslation.m in Sources */ = {isa = PBXBuildFile; fileRef = CD6F632420151B5F009A5720 /* STTranslation.m */; };
		CD74D6B71E8D96A60033A5D1 /* STLanguageCellModel.m in Sources */ = {isa = PBXBuildFile; fileRef = CD74D6B61E8D96A60033A5D1 /* STLanguageCellModel.m */; };
		CD74D6BA1E8D9BF50033A5D1 /* STLanguage.m in Sources */ = {isa = PBXBuildFile; fileRef = CD74D6B91E8D9BF50033A5D1 /* STLanguage.m */; };
		CD8EEB871B8E69AA00E2991B /* NotificationCenter.framework in Frameworks */ = {isa = PBXBuildFile; fileRef = CD8EEB861B8E69AA00E2991B /* NotificationCenter.framework */; };
		CD8EEB8E1B8E69AA00E2991B /* InfoPlist.strings in Resources */ = {isa = PBXBuildFile; fileRef = CD8EEB8C1B8E69AA00E2991B /* InfoPlist.strings */; };
		CD8EEB931B8E69AA00E2991B /* TodayViewController.xib in Resources */ = {isa = PBXBuildFile; fileRef = CD8EEB921B8E69AA00E2991B /* TodayViewController.xib */; };
		CD8EEB961B8E69AA00E2991B /* Swipe Translate Widget.appex in Embed App Extensions */ = {isa = PBXBuildFile; fileRef = CD8EEB841B8E69AA00E2991B /* Swipe Translate Widget.appex */; settings = {ATTRIBUTES = (RemoveHeadersOnCopy, ); }; };
		CD9FB25820496EDF003C81C7 /* STConstants.m in Sources */ = {isa = PBXBuildFile; fileRef = CD9FB25720496EDF003C81C7 /* STConstants.m */; };
		CD9FB287204D8B29003C81C7 /* STDraggableView.m in Sources */ = {isa = PBXBuildFile; fileRef = CD9FB286204D8B29003C81C7 /* STDraggableView.m */; };
		CDA2D080204EEDC3002B34F7 /* STSidebarAnimator.m in Sources */ = {isa = PBXBuildFile; fileRef = CDA2D07F204EEDC3002B34F7 /* STSidebarAnimator.m */; };
		CDA2D0842050000C002B34F7 /* STFavouriteCellModel.m in Sources */ = {isa = PBXBuildFile; fileRef = CDA2D0832050000C002B34F7 /* STFavouriteCellModel.m */; };
		CDA2D087205000AA002B34F7 /* STFavouriteCell.m in Sources */ = {isa = PBXBuildFile; fileRef = CDA2D086205000AA002B34F7 /* STFavouriteCell.m */; };
		CDA2D08A20503EC7002B34F7 /* STFavouriteUpdate.m in Sources */ = {isa = PBXBuildFile; fileRef = CDA2D08920503EC7002B34F7 /* STFavouriteUpdate.m */; };
		CDA5AB2120122CA000AF5919 /* STDatabaseServiceImpl.m in Sources */ = {isa = PBXBuildFile; fileRef = CDA5AB2020122CA000AF5919 /* STDatabaseServiceImpl.m */; };
		CDA5AB26201241EA00AF5919 /* STParserServiceImpl.m in Sources */ = {isa = PBXBuildFile; fileRef = CDA5AB25201241EA00AF5919 /* STParserServiceImpl.m */; };
		CDABD4DC1BC6B4F2004D05A1 /* AppDelegate.m in Sources */ = {isa = PBXBuildFile; fileRef = CDABD4DB1BC6B4F2004D05A1 /* AppDelegate.m */; };
		CDB84E051CA04FC700A919AA /* iRate.bundle in Resources */ = {isa = PBXBuildFile; fileRef = CDB84E021CA04FC700A919AA /* iRate.bundle */; };
		CDB84E061CA04FC700A919AA /* iRate.m in Sources */ = {isa = PBXBuildFile; fileRef = CDB84E041CA04FC700A919AA /* iRate.m */; };
		CDBACD372051F020007B0139 /* STFavouritesHintView.m in Sources */ = {isa = PBXBuildFile; fileRef = CDBACD362051F020007B0139 /* STFavouritesHintView.m */; };
		CDBACD3A2052AD28007B0139 /* STSplitView.m in Sources */ = {isa = PBXBuildFile; fileRef = CDBACD392052AD28007B0139 /* STSplitView.m */; };
		CDC45BEB20516EE600A6EB84 /* STMainApplicationMenu.m in Sources */ = {isa = PBXBuildFile; fileRef = CDC45BEA20516EE500A6EB84 /* STMainApplicationMenu.m */; };
		CDCDCCBF1CA1636F00E11E13 /* StoreKit.framework in Frameworks */ = {isa = PBXBuildFile; fileRef = CDCDCCBE1CA1636F00E11E13 /* StoreKit.framework */; };
		CDCFCCE01B8E690300547F5C /* main.m in Sources */ = {isa = PBXBuildFile; fileRef = CDCFCCDF1B8E690300547F5C /* main.m */; };
		CDCFCCE81B8E690300547F5C /* Main.storyboard in Resources */ = {isa = PBXBuildFile; fileRef = CDCFCCE61B8E690300547F5C /* Main.storyboard */; };
		CDD1FF7A1D663A560031FC94 /* STMainViewController.m in Sources */ = {isa = PBXBuildFile; fileRef = CDD1FF791D663A560031FC94 /* STMainViewController.m */; };
		CDD1FF7E1D663B260031FC94 /* STLanguageCell.m in Sources */ = {isa = PBXBuildFile; fileRef = CDD1FF7D1D663B260031FC94 /* STLanguageCell.m */; };
		CDD1FF831D6645920031FC94 /* STMainViewModel.m in Sources */ = {isa = PBXBuildFile; fileRef = CDD1FF821D6645920031FC94 /* STMainViewModel.m */; };
		CDD1FF891D66EA880031FC94 /* STLeftSplitView.m in Sources */ = {isa = PBXBuildFile; fileRef = CDD1FF881D66EA880031FC94 /* STLeftSplitView.m */; };
		CDD1FF8D1D66EBF50031FC94 /* STRightSplitView.m in Sources */ = {isa = PBXBuildFile; fileRef = CDD1FF8B1D66EBF50031FC94 /* STRightSplitView.m */; };
		CDD1FF941D66EE260031FC94 /* STLeftSplitViewModel.m in Sources */ = {isa = PBXBuildFile; fileRef = CDD1FF931D66EE260031FC94 /* STLeftSplitViewModel.m */; };
		CDD1FF971D66EF6E0031FC94 /* STRightSplitViewModel.m in Sources */ = {isa = PBXBuildFile; fileRef = CDD1FF961D66EF6E0031FC94 /* STRightSplitViewModel.m */; };
		CDE4D2BA1B971C78003188DB /* SeparatedButton.m in Sources */ = {isa = PBXBuildFile; fileRef = CDE4D2B91B971C78003188DB /* SeparatedButton.m */; };
		CDF5F03A2007921800491C7A /* STLanguagesServiceImpl.m in Sources */ = {isa = PBXBuildFile; fileRef = CDF5F0392007921800491C7A /* STLanguagesServiceImpl.m */; };
		CDF5F03E2007A00800491C7A /* STServicesImpl.m in Sources */ = {isa = PBXBuildFile; fileRef = CDF5F03D2007A00800491C7A /* STServicesImpl.m */; };
		CDF5F0422007A0D700491C7A /* STTranslationServiceImpl.m in Sources */ = {isa = PBXBuildFile; fileRef = CDF5F0412007A0D700491C7A /* STTranslationServiceImpl.m */; };
		CDF5F0452007A32300491C7A /* STNetworkWrapper.m in Sources */ = {isa = PBXBuildFile; fileRef = CDF5F0442007A32300491C7A /* STNetworkWrapper.m */; };
		CDFF83991BC69A32002AF1E4 /* MainIcon.xcassets in Resources */ = {isa = PBXBuildFile; fileRef = CDFF83981BC69A32002AF1E4 /* MainIcon.xcassets */; };
		CDFF839A1BC69A32002AF1E4 /* MainIcon.xcassets in Resources */ = {isa = PBXBuildFile; fileRef = CDFF83981BC69A32002AF1E4 /* MainIcon.xcassets */; };
		CDFFF29620026370002F6805 /* STLanguageMenu.m in Sources */ = {isa = PBXBuildFile; fileRef = CDFFF29520026370002F6805 /* STLanguageMenu.m */; };
		CDFFF29A20029927002F6805 /* NSMutableArray+Helpers.m in Sources */ = {isa = PBXBuildFile; fileRef = CDFFF29920029927002F6805 /* NSMutableArray+Helpers.m */; };
/* End PBXBuildFile section */

/* Begin PBXContainerItemProxy section */
		CD8EEB941B8E69AA00E2991B /* PBXContainerItemProxy */ = {
			isa = PBXContainerItemProxy;
			containerPortal = CDCFCCCF1B8E690200547F5C /* Project object */;
			proxyType = 1;
			remoteGlobalIDString = CD8EEB831B8E69AA00E2991B;
			remoteInfo = todayWidget;
		};
/* End PBXContainerItemProxy section */

/* Begin PBXCopyFilesBuildPhase section */
		CD8EEB9A1B8E69AA00E2991B /* Embed App Extensions */ = {
			isa = PBXCopyFilesBuildPhase;
			buildActionMask = 2147483647;
			dstPath = "";
			dstSubfolderSpec = 13;
			files = (
				CD8EEB961B8E69AA00E2991B /* Swipe Translate Widget.appex in Embed App Extensions */,
			);
			name = "Embed App Extensions";
			runOnlyForDeploymentPostprocessing = 0;
		};
/* End PBXCopyFilesBuildPhase section */

/* Begin PBXFileReference section */
		07BC85D0DDB0765A13935BD8 /* libPods-Swipe Translate Widget.a */ = {isa = PBXFileReference; explicitFileType = archive.ar; includeInIndex = 0; path = "libPods-Swipe Translate Widget.a"; sourceTree = BUILT_PRODUCTS_DIR; };
		3712BE4D37CDB3CDF6D94FC8 /* Pods-Swipe Translate Widget.release.xcconfig */ = {isa = PBXFileReference; includeInIndex = 1; lastKnownFileType = text.xcconfig; name = "Pods-Swipe Translate Widget.release.xcconfig"; path = "Pods/Target Support Files/Pods-Swipe Translate Widget/Pods-Swipe Translate Widget.release.xcconfig"; sourceTree = "<group>"; };
		554B2043A2444DF8BA1F51B0 /* libPods-Swipe Translate.a */ = {isa = PBXFileReference; explicitFileType = archive.ar; includeInIndex = 0; path = "libPods-Swipe Translate.a"; sourceTree = BUILT_PRODUCTS_DIR; };
		75836E071BB7025100C8D020 /* googleTranslateWidget.entitlements */ = {isa = PBXFileReference; lastKnownFileType = text.xml; path = googleTranslateWidget.entitlements; sourceTree = "<group>"; };
		75F8671D1BA6499E00392E74 /* PopupMenu.h */ = {isa = PBXFileReference; fileEncoding = 4; lastKnownFileType = sourcecode.c.h; name = PopupMenu.h; path = todayWidget/PopupMenu.h; sourceTree = "<group>"; };
		75F8671E1BA649AE00392E74 /* PopupMenu.m */ = {isa = PBXFileReference; fileEncoding = 4; lastKnownFileType = sourcecode.c.objc; name = PopupMenu.m; path = todayWidget/PopupMenu.m; sourceTree = "<group>"; };
		A7D61FF587E0E6EACB2C79A2 /* Pods-Swipe Translate.debug.xcconfig */ = {isa = PBXFileReference; includeInIndex = 1; lastKnownFileType = text.xcconfig; name = "Pods-Swipe Translate.debug.xcconfig"; path = "Pods/Target Support Files/Pods-Swipe Translate/Pods-Swipe Translate.debug.xcconfig"; sourceTree = "<group>"; };
		AD84E40A948DFFE9F9FAC17E /* Pods-Swipe Translate Widget.debug.xcconfig */ = {isa = PBXFileReference; includeInIndex = 1; lastKnownFileType = text.xcconfig; name = "Pods-Swipe Translate Widget.debug.xcconfig"; path = "Pods/Target Support Files/Pods-Swipe Translate Widget/Pods-Swipe Translate Widget.debug.xcconfig"; sourceTree = "<group>"; };
		CD0A5D8120403D6800C5984D /* STAPIService.h */ = {isa = PBXFileReference; lastKnownFileType = sourcecode.c.h; path = STAPIService.h; sourceTree = "<group>"; };
		CD0A5D8220403D7C00C5984D /* STAPIServiceImpl.h */ = {isa = PBXFileReference; lastKnownFileType = sourcecode.c.h; path = STAPIServiceImpl.h; sourceTree = "<group>"; };
		CD0A5D8320403D7C00C5984D /* STAPIServiceImpl.m */ = {isa = PBXFileReference; lastKnownFileType = sourcecode.c.objc; path = STAPIServiceImpl.m; sourceTree = "<group>"; };
		CD0A5D8520406A6000C5984D /* STParserResult.h */ = {isa = PBXFileReference; lastKnownFileType = sourcecode.c.h; path = STParserResult.h; sourceTree = "<group>"; };
		CD0A5D8620406A6000C5984D /* STParserResult.m */ = {isa = PBXFileReference; lastKnownFileType = sourcecode.c.objc; path = STParserResult.m; sourceTree = "<group>"; };
		CD12BB6F1BD849D8003ED768 /* WidgetView.h */ = {isa = PBXFileReference; fileEncoding = 4; lastKnownFileType = sourcecode.c.h; name = WidgetView.h; path = todayWidget/WidgetView.h; sourceTree = "<group>"; };
		CD12BB701BD849D8003ED768 /* WidgetView.m */ = {isa = PBXFileReference; fileEncoding = 4; lastKnownFileType = sourcecode.c.objc; name = WidgetView.m; path = todayWidget/WidgetView.m; sourceTree = "<group>"; };
		CD1A16D91BF557AB00EA90D3 /* Credits.rtf */ = {isa = PBXFileReference; fileEncoding = 4; lastKnownFileType = text.rtf; path = Credits.rtf; sourceTree = "<group>"; };
		CD4BFABE1E4235650089AEC5 /* STLanguageTextField.h */ = {isa = PBXFileReference; fileEncoding = 4; lastKnownFileType = sourcecode.c.h; path = STLanguageTextField.h; sourceTree = "<group>"; };
		CD4BFABF1E4235650089AEC5 /* STLanguageTextField.m */ = {isa = PBXFileReference; fileEncoding = 4; lastKnownFileType = sourcecode.c.objc; path = STLanguageTextField.m; sourceTree = "<group>"; };
		CD6F632320151B5F009A5720 /* STTranslation.h */ = {isa = PBXFileReference; lastKnownFileType = sourcecode.c.h; path = STTranslation.h; sourceTree = "<group>"; };
		CD6F632420151B5F009A5720 /* STTranslation.m */ = {isa = PBXFileReference; lastKnownFileType = sourcecode.c.objc; path = STTranslation.m; sourceTree = "<group>"; };
		CD74D6B51E8D96A60033A5D1 /* STLanguageCellModel.h */ = {isa = PBXFileReference; fileEncoding = 4; lastKnownFileType = sourcecode.c.h; path = STLanguageCellModel.h; sourceTree = "<group>"; };
		CD74D6B61E8D96A60033A5D1 /* STLanguageCellModel.m */ = {isa = PBXFileReference; fileEncoding = 4; lastKnownFileType = sourcecode.c.objc; path = STLanguageCellModel.m; sourceTree = "<group>"; };
		CD74D6B81E8D9BF50033A5D1 /* STLanguage.h */ = {isa = PBXFileReference; fileEncoding = 4; lastKnownFileType = sourcecode.c.h; path = STLanguage.h; sourceTree = "<group>"; };
		CD74D6B91E8D9BF50033A5D1 /* STLanguage.m */ = {isa = PBXFileReference; fileEncoding = 4; lastKnownFileType = sourcecode.c.objc; path = STLanguage.m; sourceTree = "<group>"; };
		CD8EEB841B8E69AA00E2991B /* Swipe Translate Widget.appex */ = {isa = PBXFileReference; explicitFileType = "wrapper.app-extension"; includeInIndex = 0; path = "Swipe Translate Widget.appex"; sourceTree = BUILT_PRODUCTS_DIR; };
		CD8EEB861B8E69AA00E2991B /* NotificationCenter.framework */ = {isa = PBXFileReference; lastKnownFileType = wrapper.framework; name = NotificationCenter.framework; path = System/Library/Frameworks/NotificationCenter.framework; sourceTree = SDKROOT; };
		CD8EEB8A1B8E69AA00E2991B /* Info.plist */ = {isa = PBXFileReference; lastKnownFileType = text.plist.xml; path = Info.plist; sourceTree = "<group>"; };
		CD8EEB8B1B8E69AA00E2991B /* todayWidget.entitlements */ = {isa = PBXFileReference; lastKnownFileType = text.xml; path = todayWidget.entitlements; sourceTree = "<group>"; };
		CD8EEB8D1B8E69AA00E2991B /* en */ = {isa = PBXFileReference; lastKnownFileType = text.plist.strings; name = en; path = en.lproj/InfoPlist.strings; sourceTree = "<group>"; };
		CD8EEB8F1B8E69AA00E2991B /* TodayViewController.h */ = {isa = PBXFileReference; lastKnownFileType = sourcecode.c.h; path = TodayViewController.h; sourceTree = "<group>"; };
		CD8EEB901B8E69AA00E2991B /* TodayViewController.m */ = {isa = PBXFileReference; lastKnownFileType = sourcecode.c.objc; path = TodayViewController.m; sourceTree = "<group>"; };
		CD8EEB921B8E69AA00E2991B /* TodayViewController.xib */ = {isa = PBXFileReference; lastKnownFileType = file.xib; path = TodayViewController.xib; sourceTree = "<group>"; };
		CD9FB2532048552D003C81C7 /* STConstants.h */ = {isa = PBXFileReference; lastKnownFileType = sourcecode.c.h; path = STConstants.h; sourceTree = "<group>"; };
		CD9FB25720496EDF003C81C7 /* STConstants.m */ = {isa = PBXFileReference; lastKnownFileType = sourcecode.c.objc; path = STConstants.m; sourceTree = "<group>"; };
		CD9FB285204D8B29003C81C7 /* STDraggableView.h */ = {isa = PBXFileReference; lastKnownFileType = sourcecode.c.h; path = STDraggableView.h; sourceTree = "<group>"; };
		CD9FB286204D8B29003C81C7 /* STDraggableView.m */ = {isa = PBXFileReference; lastKnownFileType = sourcecode.c.objc; path = STDraggableView.m; sourceTree = "<group>"; };
		CDA2D07E204EEDC3002B34F7 /* STSidebarAnimator.h */ = {isa = PBXFileReference; lastKnownFileType = sourcecode.c.h; path = STSidebarAnimator.h; sourceTree = "<group>"; };
		CDA2D07F204EEDC3002B34F7 /* STSidebarAnimator.m */ = {isa = PBXFileReference; lastKnownFileType = sourcecode.c.objc; path = STSidebarAnimator.m; sourceTree = "<group>"; };
		CDA2D0822050000C002B34F7 /* STFavouriteCellModel.h */ = {isa = PBXFileReference; lastKnownFileType = sourcecode.c.h; path = STFavouriteCellModel.h; sourceTree = "<group>"; };
		CDA2D0832050000C002B34F7 /* STFavouriteCellModel.m */ = {isa = PBXFileReference; lastKnownFileType = sourcecode.c.objc; path = STFavouriteCellModel.m; sourceTree = "<group>"; };
		CDA2D085205000AA002B34F7 /* STFavouriteCell.h */ = {isa = PBXFileReference; lastKnownFileType = sourcecode.c.h; path = STFavouriteCell.h; sourceTree = "<group>"; };
		CDA2D086205000AA002B34F7 /* STFavouriteCell.m */ = {isa = PBXFileReference; lastKnownFileType = sourcecode.c.objc; path = STFavouriteCell.m; sourceTree = "<group>"; };
		CDA2D08820503EC7002B34F7 /* STFavouriteUpdate.h */ = {isa = PBXFileReference; lastKnownFileType = sourcecode.c.h; path = STFavouriteUpdate.h; sourceTree = "<group>"; };
		CDA2D08920503EC7002B34F7 /* STFavouriteUpdate.m */ = {isa = PBXFileReference; lastKnownFileType = sourcecode.c.objc; path = STFavouriteUpdate.m; sourceTree = "<group>"; };
		CDA5AB1F20122CA000AF5919 /* STDatabaseServiceImpl.h */ = {isa = PBXFileReference; lastKnownFileType = sourcecode.c.h; path = STDatabaseServiceImpl.h; sourceTree = "<group>"; };
		CDA5AB2020122CA000AF5919 /* STDatabaseServiceImpl.m */ = {isa = PBXFileReference; lastKnownFileType = sourcecode.c.objc; path = STDatabaseServiceImpl.m; sourceTree = "<group>"; };
		CDA5AB2220122CD200AF5919 /* STDatabaseService.h */ = {isa = PBXFileReference; lastKnownFileType = sourcecode.c.h; path = STDatabaseService.h; sourceTree = "<group>"; };
		CDA5AB23201241A900AF5919 /* STParserService.h */ = {isa = PBXFileReference; lastKnownFileType = sourcecode.c.h; path = STParserService.h; sourceTree = "<group>"; };
		CDA5AB24201241EA00AF5919 /* STParserServiceImpl.h */ = {isa = PBXFileReference; lastKnownFileType = sourcecode.c.h; path = STParserServiceImpl.h; sourceTree = "<group>"; };
		CDA5AB25201241EA00AF5919 /* STParserServiceImpl.m */ = {isa = PBXFileReference; lastKnownFileType = sourcecode.c.objc; path = STParserServiceImpl.m; sourceTree = "<group>"; };
		CDABD4DB1BC6B4F2004D05A1 /* AppDelegate.m */ = {isa = PBXFileReference; fileEncoding = 4; lastKnownFileType = sourcecode.c.objc; path = AppDelegate.m; sourceTree = "<group>"; };
		CDB84E021CA04FC700A919AA /* iRate.bundle */ = {isa = PBXFileReference; lastKnownFileType = "wrapper.plug-in"; path = iRate.bundle; sourceTree = "<group>"; };
		CDB84E031CA04FC700A919AA /* iRate.h */ = {isa = PBXFileReference; fileEncoding = 4; lastKnownFileType = sourcecode.c.h; path = iRate.h; sourceTree = "<group>"; };
		CDB84E041CA04FC700A919AA /* iRate.m */ = {isa = PBXFileReference; fileEncoding = 4; lastKnownFileType = sourcecode.c.objc; path = iRate.m; sourceTree = "<group>"; };
		CDBACD352051F020007B0139 /* STFavouritesHintView.h */ = {isa = PBXFileReference; lastKnownFileType = sourcecode.c.h; path = STFavouritesHintView.h; sourceTree = "<group>"; };
		CDBACD362051F020007B0139 /* STFavouritesHintView.m */ = {isa = PBXFileReference; lastKnownFileType = sourcecode.c.objc; path = STFavouritesHintView.m; sourceTree = "<group>"; };
		CDBACD382052AD28007B0139 /* STSplitView.h */ = {isa = PBXFileReference; lastKnownFileType = sourcecode.c.h; path = STSplitView.h; sourceTree = "<group>"; };
		CDBACD392052AD28007B0139 /* STSplitView.m */ = {isa = PBXFileReference; lastKnownFileType = sourcecode.c.objc; path = STSplitView.m; sourceTree = "<group>"; };
		CDC45BE920516EE500A6EB84 /* STMainApplicationMenu.h */ = {isa = PBXFileReference; lastKnownFileType = sourcecode.c.h; path = STMainApplicationMenu.h; sourceTree = "<group>"; };
		CDC45BEA20516EE500A6EB84 /* STMainApplicationMenu.m */ = {isa = PBXFileReference; lastKnownFileType = sourcecode.c.objc; path = STMainApplicationMenu.m; sourceTree = "<group>"; };
		CDCDCCBE1CA1636F00E11E13 /* StoreKit.framework */ = {isa = PBXFileReference; lastKnownFileType = wrapper.framework; name = StoreKit.framework; path = System/Library/Frameworks/StoreKit.framework; sourceTree = SDKROOT; };
		CDCFCCD71B8E690300547F5C /* Swipe Translate.app */ = {isa = PBXFileReference; explicitFileType = wrapper.application; includeInIndex = 0; path = "Swipe Translate.app"; sourceTree = BUILT_PRODUCTS_DIR; };
		CDCFCCDB1B8E690300547F5C /* Info.plist */ = {isa = PBXFileReference; lastKnownFileType = text.plist.xml; path = Info.plist; sourceTree = "<group>"; };
		CDCFCCDC1B8E690300547F5C /* AppDelegate.h */ = {isa = PBXFileReference; lastKnownFileType = sourcecode.c.h; path = AppDelegate.h; sourceTree = "<group>"; };
		CDCFCCDF1B8E690300547F5C /* main.m */ = {isa = PBXFileReference; lastKnownFileType = sourcecode.c.objc; path = main.m; sourceTree = "<group>"; };
		CDCFCCE71B8E690300547F5C /* Base */ = {isa = PBXFileReference; lastKnownFileType = file.storyboard; name = Base; path = Base.lproj/Main.storyboard; sourceTree = "<group>"; };
		CDCFCCF21B8E690300547F5C /* Info.plist */ = {isa = PBXFileReference; lastKnownFileType = text.plist.xml; path = Info.plist; sourceTree = "<group>"; };
		CDCFCCF31B8E690300547F5C /* googleTranslateWidgetTests.m */ = {isa = PBXFileReference; lastKnownFileType = sourcecode.c.objc; path = googleTranslateWidgetTests.m; sourceTree = "<group>"; };
		CDD1FF781D663A560031FC94 /* STMainViewController.h */ = {isa = PBXFileReference; fileEncoding = 4; lastKnownFileType = sourcecode.c.h; path = STMainViewController.h; sourceTree = "<group>"; };
		CDD1FF791D663A560031FC94 /* STMainViewController.m */ = {isa = PBXFileReference; fileEncoding = 4; lastKnownFileType = sourcecode.c.objc; path = STMainViewController.m; sourceTree = "<group>"; };
		CDD1FF7C1D663B260031FC94 /* STLanguageCell.h */ = {isa = PBXFileReference; fileEncoding = 4; lastKnownFileType = sourcecode.c.h; path = STLanguageCell.h; sourceTree = "<group>"; };
		CDD1FF7D1D663B260031FC94 /* STLanguageCell.m */ = {isa = PBXFileReference; fileEncoding = 4; lastKnownFileType = sourcecode.c.objc; path = STLanguageCell.m; sourceTree = "<group>"; };
		CDD1FF811D6645920031FC94 /* STMainViewModel.h */ = {isa = PBXFileReference; fileEncoding = 4; lastKnownFileType = sourcecode.c.h; path = STMainViewModel.h; sourceTree = "<group>"; };
		CDD1FF821D6645920031FC94 /* STMainViewModel.m */ = {isa = PBXFileReference; fileEncoding = 4; lastKnownFileType = sourcecode.c.objc; path = STMainViewModel.m; sourceTree = "<group>"; };
		CDD1FF871D66EA880031FC94 /* STLeftSplitView.h */ = {isa = PBXFileReference; fileEncoding = 4; lastKnownFileType = sourcecode.c.h; path = STLeftSplitView.h; sourceTree = "<group>"; };
		CDD1FF881D66EA880031FC94 /* STLeftSplitView.m */ = {isa = PBXFileReference; fileEncoding = 4; lastKnownFileType = sourcecode.c.objc; path = STLeftSplitView.m; sourceTree = "<group>"; };
		CDD1FF8A1D66EBF50031FC94 /* STRightSplitView.h */ = {isa = PBXFileReference; fileEncoding = 4; lastKnownFileType = sourcecode.c.h; path = STRightSplitView.h; sourceTree = "<group>"; };
		CDD1FF8B1D66EBF50031FC94 /* STRightSplitView.m */ = {isa = PBXFileReference; fileEncoding = 4; lastKnownFileType = sourcecode.c.objc; path = STRightSplitView.m; sourceTree = "<group>"; };
		CDD1FF921D66EE260031FC94 /* STLeftSplitViewModel.h */ = {isa = PBXFileReference; fileEncoding = 4; lastKnownFileType = sourcecode.c.h; path = STLeftSplitViewModel.h; sourceTree = "<group>"; };
		CDD1FF931D66EE260031FC94 /* STLeftSplitViewModel.m */ = {isa = PBXFileReference; fileEncoding = 4; lastKnownFileType = sourcecode.c.objc; path = STLeftSplitViewModel.m; sourceTree = "<group>"; };
		CDD1FF951D66EF6E0031FC94 /* STRightSplitViewModel.h */ = {isa = PBXFileReference; fileEncoding = 4; lastKnownFileType = sourcecode.c.h; path = STRightSplitViewModel.h; sourceTree = "<group>"; };
		CDD1FF961D66EF6E0031FC94 /* STRightSplitViewModel.m */ = {isa = PBXFileReference; fileEncoding = 4; lastKnownFileType = sourcecode.c.objc; path = STRightSplitViewModel.m; sourceTree = "<group>"; };
		CDE4D2B81B971C78003188DB /* SeparatedButton.h */ = {isa = PBXFileReference; fileEncoding = 4; lastKnownFileType = sourcecode.c.h; name = SeparatedButton.h; path = todayWidget/SeparatedButton.h; sourceTree = "<group>"; };
		CDE4D2B91B971C78003188DB /* SeparatedButton.m */ = {isa = PBXFileReference; fileEncoding = 4; lastKnownFileType = sourcecode.c.objc; name = SeparatedButton.m; path = todayWidget/SeparatedButton.m; sourceTree = "<group>"; };
		CDF5F037200791D500491C7A /* STLanguagesService.h */ = {isa = PBXFileReference; lastKnownFileType = sourcecode.c.h; path = STLanguagesService.h; sourceTree = "<group>"; };
		CDF5F0382007921800491C7A /* STLanguagesServiceImpl.h */ = {isa = PBXFileReference; lastKnownFileType = sourcecode.c.h; path = STLanguagesServiceImpl.h; sourceTree = "<group>"; };
		CDF5F0392007921800491C7A /* STLanguagesServiceImpl.m */ = {isa = PBXFileReference; lastKnownFileType = sourcecode.c.objc; path = STLanguagesServiceImpl.m; sourceTree = "<group>"; };
		CDF5F03B20079FFA00491C7A /* STServices.h */ = {isa = PBXFileReference; lastKnownFileType = sourcecode.c.h; path = STServices.h; sourceTree = "<group>"; };
		CDF5F03C2007A00800491C7A /* STServicesImpl.h */ = {isa = PBXFileReference; lastKnownFileType = sourcecode.c.h; path = STServicesImpl.h; sourceTree = "<group>"; };
		CDF5F03D2007A00800491C7A /* STServicesImpl.m */ = {isa = PBXFileReference; lastKnownFileType = sourcecode.c.objc; path = STServicesImpl.m; sourceTree = "<group>"; };
		CDF5F03F2007A0B800491C7A /* STTranslationService.h */ = {isa = PBXFileReference; lastKnownFileType = sourcecode.c.h; path = STTranslationService.h; sourceTree = "<group>"; };
		CDF5F0402007A0D700491C7A /* STTranslationServiceImpl.h */ = {isa = PBXFileReference; lastKnownFileType = sourcecode.c.h; path = STTranslationServiceImpl.h; sourceTree = "<group>"; };
		CDF5F0412007A0D700491C7A /* STTranslationServiceImpl.m */ = {isa = PBXFileReference; lastKnownFileType = sourcecode.c.objc; path = STTranslationServiceImpl.m; sourceTree = "<group>"; };
		CDF5F0432007A32300491C7A /* STNetworkWrapper.h */ = {isa = PBXFileReference; lastKnownFileType = sourcecode.c.h; path = STNetworkWrapper.h; sourceTree = "<group>"; };
		CDF5F0442007A32300491C7A /* STNetworkWrapper.m */ = {isa = PBXFileReference; lastKnownFileType = sourcecode.c.objc; path = STNetworkWrapper.m; sourceTree = "<group>"; };
		CDFF83981BC69A32002AF1E4 /* MainIcon.xcassets */ = {isa = PBXFileReference; lastKnownFileType = folder.assetcatalog; path = MainIcon.xcassets; sourceTree = "<group>"; };
		CDFFF29420026370002F6805 /* STLanguageMenu.h */ = {isa = PBXFileReference; lastKnownFileType = sourcecode.c.h; path = STLanguageMenu.h; sourceTree = "<group>"; };
		CDFFF29520026370002F6805 /* STLanguageMenu.m */ = {isa = PBXFileReference; lastKnownFileType = sourcecode.c.objc; path = STLanguageMenu.m; sourceTree = "<group>"; };
		CDFFF29820029927002F6805 /* NSMutableArray+Helpers.h */ = {isa = PBXFileReference; lastKnownFileType = sourcecode.c.h; path = "NSMutableArray+Helpers.h"; sourceTree = "<group>"; };
		CDFFF29920029927002F6805 /* NSMutableArray+Helpers.m */ = {isa = PBXFileReference; lastKnownFileType = sourcecode.c.objc; path = "NSMutableArray+Helpers.m"; sourceTree = "<group>"; };
		D00D167EE596EF8CC1A0CDF4 /* Pods-Swipe Translate.release.xcconfig */ = {isa = PBXFileReference; includeInIndex = 1; lastKnownFileType = text.xcconfig; name = "Pods-Swipe Translate.release.xcconfig"; path = "Pods/Target Support Files/Pods-Swipe Translate/Pods-Swipe Translate.release.xcconfig"; sourceTree = "<group>"; };
/* End PBXFileReference section */

/* Begin PBXFrameworksBuildPhase section */
		CD8EEB811B8E69AA00E2991B /* Frameworks */ = {
			isa = PBXFrameworksBuildPhase;
			buildActionMask = 2147483647;
			files = (
				CD8EEB871B8E69AA00E2991B /* NotificationCenter.framework in Frameworks */,
				A8C0A0A13DB5A762BB656252 /* libPods-Swipe Translate Widget.a in Frameworks */,
			);
			runOnlyForDeploymentPostprocessing = 0;
		};
		CDCFCCD41B8E690300547F5C /* Frameworks */ = {
			isa = PBXFrameworksBuildPhase;
			buildActionMask = 2147483647;
			files = (
				CDCDCCBF1CA1636F00E11E13 /* StoreKit.framework in Frameworks */,
				3A027B4784FC1670EB3E7BFD /* libPods-Swipe Translate.a in Frameworks */,
			);
			runOnlyForDeploymentPostprocessing = 0;
		};
/* End PBXFrameworksBuildPhase section */

/* Begin PBXGroup section */
		076BF452E83F4F4B750E6475 /* Pods */ = {
			isa = PBXGroup;
			children = (
				A7D61FF587E0E6EACB2C79A2 /* Pods-Swipe Translate.debug.xcconfig */,
				D00D167EE596EF8CC1A0CDF4 /* Pods-Swipe Translate.release.xcconfig */,
				AD84E40A948DFFE9F9FAC17E /* Pods-Swipe Translate Widget.debug.xcconfig */,
				3712BE4D37CDB3CDF6D94FC8 /* Pods-Swipe Translate Widget.release.xcconfig */,
			);
			name = Pods;
			sourceTree = "<group>";
		};
		CD8EEB851B8E69AA00E2991B /* Frameworks */ = {
			isa = PBXGroup;
			children = (
				CDCDCCBE1CA1636F00E11E13 /* StoreKit.framework */,
				CD8EEB861B8E69AA00E2991B /* NotificationCenter.framework */,
				554B2043A2444DF8BA1F51B0 /* libPods-Swipe Translate.a */,
				07BC85D0DDB0765A13935BD8 /* libPods-Swipe Translate Widget.a */,
			);
			name = Frameworks;
			sourceTree = "<group>";
		};
		CD8EEB881B8E69AA00E2991B /* Widget */ = {
			isa = PBXGroup;
			children = (
				CD8EEB8F1B8E69AA00E2991B /* TodayViewController.h */,
				CD8EEB901B8E69AA00E2991B /* TodayViewController.m */,
				CD8EEB921B8E69AA00E2991B /* TodayViewController.xib */,
				CD8EEB891B8E69AA00E2991B /* Supporting Files */,
			);
			name = Widget;
			path = todayWidget;
			sourceTree = "<group>";
		};
		CD8EEB891B8E69AA00E2991B /* Supporting Files */ = {
			isa = PBXGroup;
			children = (
				CD8EEB8A1B8E69AA00E2991B /* Info.plist */,
				CD8EEB8B1B8E69AA00E2991B /* todayWidget.entitlements */,
				CD8EEB8C1B8E69AA00E2991B /* InfoPlist.strings */,
			);
			name = "Supporting Files";
			sourceTree = "<group>";
		};
		CD8F79981C08CFBD0094742F /* CustomWidgetClasses */ = {
			isa = PBXGroup;
			children = (
				75F8671D1BA6499E00392E74 /* PopupMenu.h */,
				75F8671E1BA649AE00392E74 /* PopupMenu.m */,
				CDE4D2B81B971C78003188DB /* SeparatedButton.h */,
				CDE4D2B91B971C78003188DB /* SeparatedButton.m */,
				CD12BB6F1BD849D8003ED768 /* WidgetView.h */,
				CD12BB701BD849D8003ED768 /* WidgetView.m */,
			);
			name = CustomWidgetClasses;
			sourceTree = "<group>";
		};
		CD9FB2592049788D003C81C7 /* Helpers */ = {
			isa = PBXGroup;
			children = (
				CDFFF29820029927002F6805 /* NSMutableArray+Helpers.h */,
				CDFFF29920029927002F6805 /* NSMutableArray+Helpers.m */,
			);
			name = Helpers;
			sourceTree = "<group>";
		};
		CD9FB25A204978A2003C81C7 /* Models */ = {
			isa = PBXGroup;
			children = (
				CD9FB2532048552D003C81C7 /* STConstants.h */,
				CD9FB25720496EDF003C81C7 /* STConstants.m */,
				CD74D6B81E8D9BF50033A5D1 /* STLanguage.h */,
				CD74D6B91E8D9BF50033A5D1 /* STLanguage.m */,
				CD0A5D8520406A6000C5984D /* STParserResult.h */,
				CD0A5D8620406A6000C5984D /* STParserResult.m */,
				CD6F632320151B5F009A5720 /* STTranslation.h */,
				CD6F632420151B5F009A5720 /* STTranslation.m */,
			);
			name = Models;
			sourceTree = "<group>";
		};
		CDA2D081204F0344002B34F7 /* Sidebar */ = {
			isa = PBXGroup;
			children = (
				CDC45BE820516BF900A6EB84 /* Cells */,
				CDA2D08820503EC7002B34F7 /* STFavouriteUpdate.h */,
				CDA2D08920503EC7002B34F7 /* STFavouriteUpdate.m */,
				CD9FB285204D8B29003C81C7 /* STDraggableView.h */,
				CD9FB286204D8B29003C81C7 /* STDraggableView.m */,
				CDA2D07E204EEDC3002B34F7 /* STSidebarAnimator.h */,
				CDA2D07F204EEDC3002B34F7 /* STSidebarAnimator.m */,
				CDBACD352051F020007B0139 /* STFavouritesHintView.h */,
				CDBACD362051F020007B0139 /* STFavouritesHintView.m */,
			);
			name = Sidebar;
			sourceTree = "<group>";
		};
		CDB84E071CA04FE500A919AA /* iRate */ = {
			isa = PBXGroup;
			children = (
				CDB84E021CA04FC700A919AA /* iRate.bundle */,
				CDB84E031CA04FC700A919AA /* iRate.h */,
				CDB84E041CA04FC700A919AA /* iRate.m */,
			);
			name = iRate;
			sourceTree = "<group>";
		};
		CDC45BE820516BF900A6EB84 /* Cells */ = {
			isa = PBXGroup;
			children = (
				CDA2D085205000AA002B34F7 /* STFavouriteCell.h */,
				CDA2D086205000AA002B34F7 /* STFavouriteCell.m */,
				CDA2D0822050000C002B34F7 /* STFavouriteCellModel.h */,
				CDA2D0832050000C002B34F7 /* STFavouriteCellModel.m */,
			);
			name = Cells;
			sourceTree = "<group>";
		};
		CDCFCCCE1B8E690200547F5C = {
			isa = PBXGroup;
			children = (
				CDB84E071CA04FE500A919AA /* iRate */,
				CDCFCCD91B8E690300547F5C /* MainApp */,
				CD8F79981C08CFBD0094742F /* CustomWidgetClasses */,
				CD8EEB881B8E69AA00E2991B /* Widget */,
				CD8EEB851B8E69AA00E2991B /* Frameworks */,
				CDCFCCD81B8E690300547F5C /* Products */,
				CDCFCCF01B8E690300547F5C /* googleTranslateWidgetTests */,
				076BF452E83F4F4B750E6475 /* Pods */,
			);
			sourceTree = "<group>";
		};
		CDCFCCD81B8E690300547F5C /* Products */ = {
			isa = PBXGroup;
			children = (
				CDCFCCD71B8E690300547F5C /* Swipe Translate.app */,
				CD8EEB841B8E69AA00E2991B /* Swipe Translate Widget.appex */,
			);
			name = Products;
			sourceTree = "<group>";
		};
		CDCFCCD91B8E690300547F5C /* MainApp */ = {
			isa = PBXGroup;
			children = (
				CDCFCCDC1B8E690300547F5C /* AppDelegate.h */,
				CDABD4DB1BC6B4F2004D05A1 /* AppDelegate.m */,
				CDC45BE920516EE500A6EB84 /* STMainApplicationMenu.h */,
				CDC45BEA20516EE500A6EB84 /* STMainApplicationMenu.m */,
				CDCFCCE61B8E690300547F5C /* Main.storyboard */,
				CDFF83981BC69A32002AF1E4 /* MainIcon.xcassets */,
				CD9FB2592049788D003C81C7 /* Helpers */,
				CDF5F0362007919700491C7A /* Model */,
				CDD1FF911D66EDE20031FC94 /* Main View */,
				CDD1FF901D66EDCC0031FC94 /* Left Split View */,
				CDD1FF8F1D66EDC00031FC94 /* Right Split View */,
				CDCFCCDA1B8E690300547F5C /* Supporting Files */,
			);
			name = MainApp;
			path = googleTranslateWidget;
			sourceTree = "<group>";
		};
		CDCFCCDA1B8E690300547F5C /* Supporting Files */ = {
			isa = PBXGroup;
			children = (
				CDCFCCDB1B8E690300547F5C /* Info.plist */,
				CDCFCCDF1B8E690300547F5C /* main.m */,
				CD1A16D91BF557AB00EA90D3 /* Credits.rtf */,
				75836E071BB7025100C8D020 /* googleTranslateWidget.entitlements */,
			);
			name = "Supporting Files";
			sourceTree = "<group>";
		};
		CDCFCCF01B8E690300547F5C /* googleTranslateWidgetTests */ = {
			isa = PBXGroup;
			children = (
				CDCFCCF31B8E690300547F5C /* googleTranslateWidgetTests.m */,
				CDCFCCF11B8E690300547F5C /* Supporting Files */,
			);
			path = googleTranslateWidgetTests;
			sourceTree = "<group>";
		};
		CDCFCCF11B8E690300547F5C /* Supporting Files */ = {
			isa = PBXGroup;
			children = (
				CDCFCCF21B8E690300547F5C /* Info.plist */,
			);
			name = "Supporting Files";
			sourceTree = "<group>";
		};
		CDD1FF7B1D663AFE0031FC94 /* Cells */ = {
			isa = PBXGroup;
			children = (
				CDD1FF7C1D663B260031FC94 /* STLanguageCell.h */,
				CDD1FF7D1D663B260031FC94 /* STLanguageCell.m */,
				CD74D6B51E8D96A60033A5D1 /* STLanguageCellModel.h */,
				CD74D6B61E8D96A60033A5D1 /* STLanguageCellModel.m */,
			);
			name = Cells;
			path = ..;
			sourceTree = "<group>";
		};
		CDD1FF8F1D66EDC00031FC94 /* Right Split View */ = {
			isa = PBXGroup;
			children = (
				CDD1FF8A1D66EBF50031FC94 /* STRightSplitView.h */,
				CDD1FF8B1D66EBF50031FC94 /* STRightSplitView.m */,
				CDD1FF951D66EF6E0031FC94 /* STRightSplitViewModel.h */,
				CDD1FF961D66EF6E0031FC94 /* STRightSplitViewModel.m */,
				CDA2D081204F0344002B34F7 /* Sidebar */,
			);
			name = "Right Split View";
			sourceTree = "<group>";
		};
		CDD1FF901D66EDCC0031FC94 /* Left Split View */ = {
			isa = PBXGroup;
			children = (
				CDD1FF871D66EA880031FC94 /* STLeftSplitView.h */,
				CDD1FF881D66EA880031FC94 /* STLeftSplitView.m */,
				CDD1FF921D66EE260031FC94 /* STLeftSplitViewModel.h */,
				CDD1FF931D66EE260031FC94 /* STLeftSplitViewModel.m */,
				CD4BFABE1E4235650089AEC5 /* STLanguageTextField.h */,
				CD4BFABF1E4235650089AEC5 /* STLanguageTextField.m */,
				CDFFF29420026370002F6805 /* STLanguageMenu.h */,
				CDFFF29520026370002F6805 /* STLanguageMenu.m */,
				CDD1FF7B1D663AFE0031FC94 /* Cells */,
			);
			name = "Left Split View";
			sourceTree = "<group>";
		};
		CDD1FF911D66EDE20031FC94 /* Main View */ = {
			isa = PBXGroup;
			children = (
				CDD1FF781D663A560031FC94 /* STMainViewController.h */,
				CDD1FF791D663A560031FC94 /* STMainViewController.m */,
				CDD1FF811D6645920031FC94 /* STMainViewModel.h */,
				CDD1FF821D6645920031FC94 /* STMainViewModel.m */,
				CDBACD382052AD28007B0139 /* STSplitView.h */,
				CDBACD392052AD28007B0139 /* STSplitView.m */,
			);
			name = "Main View";
			sourceTree = "<group>";
		};
		CDF5F0362007919700491C7A /* Model */ = {
			isa = PBXGroup;
			children = (
				CD9FB25A204978A2003C81C7 /* Models */,
				CDF5F03B20079FFA00491C7A /* STServices.h */,
				CDF5F03C2007A00800491C7A /* STServicesImpl.h */,
				CDF5F03D2007A00800491C7A /* STServicesImpl.m */,
				CDF5F037200791D500491C7A /* STLanguagesService.h */,
				CDF5F0382007921800491C7A /* STLanguagesServiceImpl.h */,
				CDF5F0392007921800491C7A /* STLanguagesServiceImpl.m */,
				CDA5AB2220122CD200AF5919 /* STDatabaseService.h */,
				CDA5AB1F20122CA000AF5919 /* STDatabaseServiceImpl.h */,
				CDA5AB2020122CA000AF5919 /* STDatabaseServiceImpl.m */,
				CD0A5D8120403D6800C5984D /* STAPIService.h */,
				CD0A5D8220403D7C00C5984D /* STAPIServiceImpl.h */,
				CD0A5D8320403D7C00C5984D /* STAPIServiceImpl.m */,
				CDA5AB23201241A900AF5919 /* STParserService.h */,
				CDA5AB24201241EA00AF5919 /* STParserServiceImpl.h */,
				CDA5AB25201241EA00AF5919 /* STParserServiceImpl.m */,
				CDF5F03F2007A0B800491C7A /* STTranslationService.h */,
				CDF5F0402007A0D700491C7A /* STTranslationServiceImpl.h */,
				CDF5F0412007A0D700491C7A /* STTranslationServiceImpl.m */,
				CDF5F0432007A32300491C7A /* STNetworkWrapper.h */,
				CDF5F0442007A32300491C7A /* STNetworkWrapper.m */,
			);
			name = Model;
			sourceTree = "<group>";
		};
/* End PBXGroup section */

/* Begin PBXNativeTarget section */
		CD8EEB831B8E69AA00E2991B /* Swipe Translate Widget */ = {
			isa = PBXNativeTarget;
			buildConfigurationList = CD8EEB991B8E69AA00E2991B /* Build configuration list for PBXNativeTarget "Swipe Translate Widget" */;
			buildPhases = (
				F8C08807B53E1E299C209C41 /* [CP] Check Pods Manifest.lock */,
				CD8EEB801B8E69AA00E2991B /* Sources */,
				CD8EEB811B8E69AA00E2991B /* Frameworks */,
				CD8EEB821B8E69AA00E2991B /* Resources */,
				8303BAB3E4F421AFC26EFFB9 /* [CP] Copy Pods Resources */,
			);
			buildRules = (
			);
			dependencies = (
			);
			name = "Swipe Translate Widget";
			productName = todayWidget;
			productReference = CD8EEB841B8E69AA00E2991B /* Swipe Translate Widget.appex */;
			productType = "com.apple.product-type.app-extension";
		};
		CDCFCCD61B8E690300547F5C /* Swipe Translate */ = {
			isa = PBXNativeTarget;
			buildConfigurationList = CDCFCCF71B8E690300547F5C /* Build configuration list for PBXNativeTarget "Swipe Translate" */;
			buildPhases = (
				260E3A8F87813AC71E3A5119 /* [CP] Check Pods Manifest.lock */,
				CDCFCCD31B8E690300547F5C /* Sources */,
				CDCFCCD41B8E690300547F5C /* Frameworks */,
				CDCFCCD51B8E690300547F5C /* Resources */,
				CD8EEB9A1B8E69AA00E2991B /* Embed App Extensions */,
				FC440D47A4A62516C208FF47 /* [CP] Embed Pods Frameworks */,
				6EC3AD5B6A1CC5C8E4B8CAB8 /* [CP] Copy Pods Resources */,
			);
			buildRules = (
			);
			dependencies = (
				CD8EEB951B8E69AA00E2991B /* PBXTargetDependency */,
			);
			name = "Swipe Translate";
			productName = googleTranslateWidget;
			productReference = CDCFCCD71B8E690300547F5C /* Swipe Translate.app */;
			productType = "com.apple.product-type.application";
		};
/* End PBXNativeTarget section */

/* Begin PBXProject section */
		CDCFCCCF1B8E690200547F5C /* Project object */ = {
			isa = PBXProject;
			attributes = {
				LastUpgradeCheck = 0640;
				ORGANIZATIONNAME = "Mark Vasiv";
				TargetAttributes = {
					CD8EEB831B8E69AA00E2991B = {
						CreatedOnToolsVersion = 6.4;
						DevelopmentTeam = LX39229ZDY;
						SystemCapabilities = {
							com.apple.ApplicationGroups.Mac = {
								enabled = 0;
							};
						};
					};
					CDCFCCD61B8E690300547F5C = {
						CreatedOnToolsVersion = 6.4;
						DevelopmentTeam = LX39229ZDY;
						SystemCapabilities = {
							com.apple.ApplicationGroups.Mac = {
								enabled = 0;
							};
							com.apple.InAppPurchase = {
								enabled = 0;
							};
							com.apple.Sandbox = {
								enabled = 1;
							};
						};
					};
				};
			};
			buildConfigurationList = CDCFCCD21B8E690200547F5C /* Build configuration list for PBXProject "googleTranslateWidget" */;
			compatibilityVersion = "Xcode 3.2";
			developmentRegion = English;
			hasScannedForEncodings = 0;
			knownRegions = (
				en,
				Base,
			);
			mainGroup = CDCFCCCE1B8E690200547F5C;
			productRefGroup = CDCFCCD81B8E690300547F5C /* Products */;
			projectDirPath = "";
			projectRoot = "";
			targets = (
				CDCFCCD61B8E690300547F5C /* Swipe Translate */,
				CD8EEB831B8E69AA00E2991B /* Swipe Translate Widget */,
			);
		};
/* End PBXProject section */

/* Begin PBXResourcesBuildPhase section */
		CD8EEB821B8E69AA00E2991B /* Resources */ = {
			isa = PBXResourcesBuildPhase;
			buildActionMask = 2147483647;
			files = (
				CDFF839A1BC69A32002AF1E4 /* MainIcon.xcassets in Resources */,
				CD8EEB931B8E69AA00E2991B /* TodayViewController.xib in Resources */,
				CD8EEB8E1B8E69AA00E2991B /* InfoPlist.strings in Resources */,
			);
			runOnlyForDeploymentPostprocessing = 0;
		};
		CDCFCCD51B8E690300547F5C /* Resources */ = {
			isa = PBXResourcesBuildPhase;
			buildActionMask = 2147483647;
			files = (
				CDFF83991BC69A32002AF1E4 /* MainIcon.xcassets in Resources */,
				CDB84E051CA04FC700A919AA /* iRate.bundle in Resources */,
				CD1A16DA1BF557AB00EA90D3 /* Credits.rtf in Resources */,
				CDCFCCE81B8E690300547F5C /* Main.storyboard in Resources */,
			);
			runOnlyForDeploymentPostprocessing = 0;
		};
/* End PBXResourcesBuildPhase section */

/* Begin PBXShellScriptBuildPhase section */
		260E3A8F87813AC71E3A5119 /* [CP] Check Pods Manifest.lock */ = {
			isa = PBXShellScriptBuildPhase;
			buildActionMask = 2147483647;
			files = (
			);
			inputPaths = (
				"${PODS_PODFILE_DIR_PATH}/Podfile.lock",
				"${PODS_ROOT}/Manifest.lock",
			);
			name = "[CP] Check Pods Manifest.lock";
			outputPaths = (
				"$(DERIVED_FILE_DIR)/Pods-Swipe Translate-checkManifestLockResult.txt",
			);
			runOnlyForDeploymentPostprocessing = 0;
			shellPath = /bin/sh;
			shellScript = "diff \"${PODS_PODFILE_DIR_PATH}/Podfile.lock\" \"${PODS_ROOT}/Manifest.lock\" > /dev/null\nif [ $? != 0 ] ; then\n    # print error to STDERR\n    echo \"error: The sandbox is not in sync with the Podfile.lock. Run 'pod install' or update your CocoaPods installation.\" >&2\n    exit 1\nfi\n# This output is used by Xcode 'outputs' to avoid re-running this script phase.\necho \"SUCCESS\" > \"${SCRIPT_OUTPUT_FILE_0}\"\n";
			showEnvVarsInLog = 0;
		};
		6EC3AD5B6A1CC5C8E4B8CAB8 /* [CP] Copy Pods Resources */ = {
			isa = PBXShellScriptBuildPhase;
			buildActionMask = 2147483647;
			files = (
			);
			inputPaths = (
			);
			name = "[CP] Copy Pods Resources";
			outputPaths = (
			);
			runOnlyForDeploymentPostprocessing = 0;
			shellPath = /bin/sh;
			shellScript = "\"${SRCROOT}/Pods/Target Support Files/Pods-Swipe Translate/Pods-Swipe Translate-resources.sh\"\n";
			showEnvVarsInLog = 0;
		};
		8303BAB3E4F421AFC26EFFB9 /* [CP] Copy Pods Resources */ = {
			isa = PBXShellScriptBuildPhase;
			buildActionMask = 2147483647;
			files = (
			);
			inputPaths = (
			);
			name = "[CP] Copy Pods Resources";
			outputPaths = (
			);
			runOnlyForDeploymentPostprocessing = 0;
			shellPath = /bin/sh;
			shellScript = "\"${SRCROOT}/Pods/Target Support Files/Pods-Swipe Translate Widget/Pods-Swipe Translate Widget-resources.sh\"\n";
			showEnvVarsInLog = 0;
		};
		F8C08807B53E1E299C209C41 /* [CP] Check Pods Manifest.lock */ = {
			isa = PBXShellScriptBuildPhase;
			buildActionMask = 2147483647;
			files = (
			);
			inputPaths = (
				"${PODS_PODFILE_DIR_PATH}/Podfile.lock",
				"${PODS_ROOT}/Manifest.lock",
			);
			name = "[CP] Check Pods Manifest.lock";
			outputPaths = (
				"$(DERIVED_FILE_DIR)/Pods-Swipe Translate Widget-checkManifestLockResult.txt",
			);
			runOnlyForDeploymentPostprocessing = 0;
			shellPath = /bin/sh;
			shellScript = "diff \"${PODS_PODFILE_DIR_PATH}/Podfile.lock\" \"${PODS_ROOT}/Manifest.lock\" > /dev/null\nif [ $? != 0 ] ; then\n    # print error to STDERR\n    echo \"error: The sandbox is not in sync with the Podfile.lock. Run 'pod install' or update your CocoaPods installation.\" >&2\n    exit 1\nfi\n# This output is used by Xcode 'outputs' to avoid re-running this script phase.\necho \"SUCCESS\" > \"${SCRIPT_OUTPUT_FILE_0}\"\n";
			showEnvVarsInLog = 0;
		};
		FC440D47A4A62516C208FF47 /* [CP] Embed Pods Frameworks */ = {
			isa = PBXShellScriptBuildPhase;
			buildActionMask = 2147483647;
			files = (
			);
			inputPaths = (
			);
			name = "[CP] Embed Pods Frameworks";
			outputPaths = (
			);
			runOnlyForDeploymentPostprocessing = 0;
			shellPath = /bin/sh;
			shellScript = "\"${SRCROOT}/Pods/Target Support Files/Pods-Swipe Translate/Pods-Swipe Translate-frameworks.sh\"\n";
			showEnvVarsInLog = 0;
		};
/* End PBXShellScriptBuildPhase section */

/* Begin PBXSourcesBuildPhase section */
		CD8EEB801B8E69AA00E2991B /* Sources */ = {
			isa = PBXSourcesBuildPhase;
			buildActionMask = 2147483647;
			files = (
				CDE4D2BA1B971C78003188DB /* SeparatedButton.m in Sources */,
				CD12BB711BD849D8003ED768 /* WidgetView.m in Sources */,
				75F8671F1BA649AE00392E74 /* PopupMenu.m in Sources */,
			);
			runOnlyForDeploymentPostprocessing = 0;
		};
		CDCFCCD31B8E690300547F5C /* Sources */ = {
			isa = PBXSourcesBuildPhase;
			buildActionMask = 2147483647;
			files = (
				CDFFF29620026370002F6805 /* STLanguageMenu.m in Sources */,
				CDFFF29A20029927002F6805 /* NSMutableArray+Helpers.m in Sources */,
				CDA5AB26201241EA00AF5919 /* STParserServiceImpl.m in Sources */,
				CD0A5D8720406A6000C5984D /* STParserResult.m in Sources */,
				CDD1FF831D6645920031FC94 /* STMainViewModel.m in Sources */,
				CDD1FF8D1D66EBF50031FC94 /* STRightSplitView.m in Sources */,
				CDF5F03E2007A00800491C7A /* STServicesImpl.m in Sources */,
				CD74D6BA1E8D9BF50033A5D1 /* STLanguage.m in Sources */,
				CDA2D08A20503EC7002B34F7 /* STFavouriteUpdate.m in Sources */,
				CDA2D080204EEDC3002B34F7 /* STSidebarAnimator.m in Sources */,
				CD4BFAC01E4235650089AEC5 /* STLanguageTextField.m in Sources */,
				CDBACD3A2052AD28007B0139 /* STSplitView.m in Sources */,
				CDD1FF7E1D663B260031FC94 /* STLanguageCell.m in Sources */,
				CDD1FF971D66EF6E0031FC94 /* STRightSplitViewModel.m in Sources */,
				CDD1FF7A1D663A560031FC94 /* STMainViewController.m in Sources */,
				CDBACD372051F020007B0139 /* STFavouritesHintView.m in Sources */,
				CDABD4DC1BC6B4F2004D05A1 /* AppDelegate.m in Sources */,
				CD9FB287204D8B29003C81C7 /* STDraggableView.m in Sources */,
				CDA5AB2120122CA000AF5919 /* STDatabaseServiceImpl.m in Sources */,
				CD74D6B71E8D96A60033A5D1 /* STLanguageCellModel.m in Sources */,
				CD0A5D8420403D7C00C5984D /* STAPIServiceImpl.m in Sources */,
				CDF5F03A2007921800491C7A /* STLanguagesServiceImpl.m in Sources */,
				CDA2D087205000AA002B34F7 /* STFavouriteCell.m in Sources */,
				CD9FB25820496EDF003C81C7 /* STConstants.m in Sources */,
				CD6F632520151B5F009A5720 /* STTranslation.m in Sources */,
				CDD1FF941D66EE260031FC94 /* STLeftSplitViewModel.m in Sources */,
				CDD1FF891D66EA880031FC94 /* STLeftSplitView.m in Sources */,
				CDB84E061CA04FC700A919AA /* iRate.m in Sources */,
				CDA2D0842050000C002B34F7 /* STFavouriteCellModel.m in Sources */,
				CDF5F0422007A0D700491C7A /* STTranslationServiceImpl.m in Sources */,
				CDCFCCE01B8E690300547F5C /* main.m in Sources */,
				CDF5F0452007A32300491C7A /* STNetworkWrapper.m in Sources */,
				CDC45BEB20516EE600A6EB84 /* STMainApplicationMenu.m in Sources */,
			);
			runOnlyForDeploymentPostprocessing = 0;
		};
/* End PBXSourcesBuildPhase section */

/* Begin PBXTargetDependency section */
		CD8EEB951B8E69AA00E2991B /* PBXTargetDependency */ = {
			isa = PBXTargetDependency;
			target = CD8EEB831B8E69AA00E2991B /* Swipe Translate Widget */;
			targetProxy = CD8EEB941B8E69AA00E2991B /* PBXContainerItemProxy */;
		};
/* End PBXTargetDependency section */

/* Begin PBXVariantGroup section */
		CD8EEB8C1B8E69AA00E2991B /* InfoPlist.strings */ = {
			isa = PBXVariantGroup;
			children = (
				CD8EEB8D1B8E69AA00E2991B /* en */,
			);
			name = InfoPlist.strings;
			sourceTree = "<group>";
		};
		CDCFCCE61B8E690300547F5C /* Main.storyboard */ = {
			isa = PBXVariantGroup;
			children = (
				CDCFCCE71B8E690300547F5C /* Base */,
			);
			name = Main.storyboard;
			sourceTree = "<group>";
		};
/* End PBXVariantGroup section */

/* Begin XCBuildConfiguration section */
		CD8EEB971B8E69AA00E2991B /* Debug */ = {
			isa = XCBuildConfiguration;
			baseConfigurationReference = AD84E40A948DFFE9F9FAC17E /* Pods-Swipe Translate Widget.debug.xcconfig */;
			buildSettings = {
				ASSETCATALOG_COMPILER_APPICON_NAME = AppIcon;
				CODE_SIGN_ENTITLEMENTS = todayWidget/todayWidget.entitlements;
				COMBINE_HIDPI_IMAGES = YES;
				GCC_PREPROCESSOR_DEFINITIONS = (
					"DEBUG=1",
					"$(inherited)",
				);
				INFOPLIST_FILE = todayWidget/Info.plist;
				LD_RUNPATH_SEARCH_PATHS = "$(inherited) @executable_path/../Frameworks @executable_path/../../../../Frameworks";
				MACOSX_DEPLOYMENT_TARGET = 10.10;
				PRODUCT_BUNDLE_IDENTIFIER = com.SwipeTranslate.today;
				PRODUCT_NAME = "$(TARGET_NAME)";
				PROVISIONING_PROFILE = "6a91097d-7b7e-4adc-8453-767477e60345";
				SKIP_INSTALL = YES;
			};
			name = Debug;
		};
		CD8EEB981B8E69AA00E2991B /* Release */ = {
			isa = XCBuildConfiguration;
			baseConfigurationReference = 3712BE4D37CDB3CDF6D94FC8 /* Pods-Swipe Translate Widget.release.xcconfig */;
			buildSettings = {
				ASSETCATALOG_COMPILER_APPICON_NAME = AppIcon;
				CODE_SIGN_ENTITLEMENTS = todayWidget/todayWidget.entitlements;
				COMBINE_HIDPI_IMAGES = YES;
				INFOPLIST_FILE = todayWidget/Info.plist;
				LD_RUNPATH_SEARCH_PATHS = "$(inherited) @executable_path/../Frameworks @executable_path/../../../../Frameworks";
				MACOSX_DEPLOYMENT_TARGET = 10.10;
				PRODUCT_BUNDLE_IDENTIFIER = com.SwipeTranslate.today;
				PRODUCT_NAME = "$(TARGET_NAME)";
				PROVISIONING_PROFILE = "6a91097d-7b7e-4adc-8453-767477e60345";
				SKIP_INSTALL = YES;
			};
			name = Release;
		};
		CDCFCCF51B8E690300547F5C /* Debug */ = {
			isa = XCBuildConfiguration;
			buildSettings = {
				ALWAYS_SEARCH_USER_PATHS = NO;
				CLANG_CXX_LANGUAGE_STANDARD = "gnu++0x";
				CLANG_CXX_LIBRARY = "libc++";
				CLANG_ENABLE_MODULES = YES;
				CLANG_ENABLE_OBJC_ARC = YES;
				CLANG_WARN_BOOL_CONVERSION = YES;
				CLANG_WARN_CONSTANT_CONVERSION = YES;
				CLANG_WARN_DIRECT_OBJC_ISA_USAGE = YES_ERROR;
				CLANG_WARN_EMPTY_BODY = YES;
				CLANG_WARN_ENUM_CONVERSION = YES;
				CLANG_WARN_INT_CONVERSION = YES;
				CLANG_WARN_OBJC_ROOT_CLASS = YES_ERROR;
				CLANG_WARN_UNREACHABLE_CODE = YES;
				CLANG_WARN__DUPLICATE_METHOD_MATCH = YES;
				CODE_SIGN_IDENTITY = "-";
				COPY_PHASE_STRIP = NO;
				DEBUG_INFORMATION_FORMAT = dwarf;
				ENABLE_STRICT_OBJC_MSGSEND = YES;
				GCC_C_LANGUAGE_STANDARD = gnu99;
				GCC_DYNAMIC_NO_PIC = NO;
				GCC_NO_COMMON_BLOCKS = YES;
				GCC_OPTIMIZATION_LEVEL = 0;
				GCC_PREPROCESSOR_DEFINITIONS = (
					"DEBUG=1",
					"$(inherited)",
				);
				GCC_SYMBOLS_PRIVATE_EXTERN = NO;
				GCC_WARN_64_TO_32_BIT_CONVERSION = YES;
				GCC_WARN_ABOUT_RETURN_TYPE = YES_ERROR;
				GCC_WARN_UNDECLARED_SELECTOR = YES;
				GCC_WARN_UNINITIALIZED_AUTOS = YES_AGGRESSIVE;
				GCC_WARN_UNUSED_FUNCTION = YES;
				GCC_WARN_UNUSED_VARIABLE = YES;
				MACOSX_DEPLOYMENT_TARGET = 10.10;
				MTL_ENABLE_DEBUG_INFO = YES;
				ONLY_ACTIVE_ARCH = YES;
				SDKROOT = macosx;
			};
			name = Debug;
		};
		CDCFCCF61B8E690300547F5C /* Release */ = {
			isa = XCBuildConfiguration;
			buildSettings = {
				ALWAYS_SEARCH_USER_PATHS = NO;
				CLANG_CXX_LANGUAGE_STANDARD = "gnu++0x";
				CLANG_CXX_LIBRARY = "libc++";
				CLANG_ENABLE_MODULES = YES;
				CLANG_ENABLE_OBJC_ARC = YES;
				CLANG_WARN_BOOL_CONVERSION = YES;
				CLANG_WARN_CONSTANT_CONVERSION = YES;
				CLANG_WARN_DIRECT_OBJC_ISA_USAGE = YES_ERROR;
				CLANG_WARN_EMPTY_BODY = YES;
				CLANG_WARN_ENUM_CONVERSION = YES;
				CLANG_WARN_INT_CONVERSION = YES;
				CLANG_WARN_OBJC_ROOT_CLASS = YES_ERROR;
				CLANG_WARN_UNREACHABLE_CODE = YES;
				CLANG_WARN__DUPLICATE_METHOD_MATCH = YES;
				CODE_SIGN_IDENTITY = "-";
				COPY_PHASE_STRIP = NO;
				DEBUG_INFORMATION_FORMAT = "dwarf-with-dsym";
				ENABLE_NS_ASSERTIONS = NO;
				ENABLE_STRICT_OBJC_MSGSEND = YES;
				GCC_C_LANGUAGE_STANDARD = gnu99;
				GCC_NO_COMMON_BLOCKS = YES;
				GCC_WARN_64_TO_32_BIT_CONVERSION = YES;
				GCC_WARN_ABOUT_RETURN_TYPE = YES_ERROR;
				GCC_WARN_UNDECLARED_SELECTOR = YES;
				GCC_WARN_UNINITIALIZED_AUTOS = YES_AGGRESSIVE;
				GCC_WARN_UNUSED_FUNCTION = YES;
				GCC_WARN_UNUSED_VARIABLE = YES;
				MACOSX_DEPLOYMENT_TARGET = 10.10;
				MTL_ENABLE_DEBUG_INFO = NO;
				SDKROOT = macosx;
			};
			name = Release;
		};
		CDCFCCF81B8E690300547F5C /* Debug */ = {
			isa = XCBuildConfiguration;
			baseConfigurationReference = A7D61FF587E0E6EACB2C79A2 /* Pods-Swipe Translate.debug.xcconfig */;
			buildSettings = {
				ASSETCATALOG_COMPILER_APPICON_NAME = AppIcon;
				CODE_SIGN_ENTITLEMENTS = googleTranslateWidget/googleTranslateWidget.entitlements;
				COMBINE_HIDPI_IMAGES = YES;
				INFOPLIST_FILE = googleTranslateWidget/Info.plist;
				LD_RUNPATH_SEARCH_PATHS = "$(inherited) @executable_path/../Frameworks";
				MACOSX_DEPLOYMENT_TARGET = 10.10;
				PRODUCT_BUNDLE_IDENTIFIER = com.SwipeTranslate;
				PRODUCT_NAME = "$(TARGET_NAME)";
				PROVISIONING_PROFILE = "1cfdf325-eb2e-4338-8130-208ddcb5312c";
			};
			name = Debug;
		};
		CDCFCCF91B8E690300547F5C /* Release */ = {
			isa = XCBuildConfiguration;
			baseConfigurationReference = D00D167EE596EF8CC1A0CDF4 /* Pods-Swipe Translate.release.xcconfig */;
			buildSettings = {
				ASSETCATALOG_COMPILER_APPICON_NAME = AppIcon;
				CODE_SIGN_ENTITLEMENTS = googleTranslateWidget/googleTranslateWidget.entitlements;
				COMBINE_HIDPI_IMAGES = YES;
				INFOPLIST_FILE = googleTranslateWidget/Info.plist;
				LD_RUNPATH_SEARCH_PATHS = "$(inherited) @executable_path/../Frameworks";
				MACOSX_DEPLOYMENT_TARGET = 10.10;
				PRODUCT_BUNDLE_IDENTIFIER = com.SwipeTranslate;
				PRODUCT_NAME = "$(TARGET_NAME)";
				PROVISIONING_PROFILE = "1cfdf325-eb2e-4338-8130-208ddcb5312c";
			};
			name = Release;
		};
/* End XCBuildConfiguration section */

/* Begin XCConfigurationList section */
		CD8EEB991B8E69AA00E2991B /* Build configuration list for PBXNativeTarget "Swipe Translate Widget" */ = {
			isa = XCConfigurationList;
			buildConfigurations = (
				CD8EEB971B8E69AA00E2991B /* Debug */,
				CD8EEB981B8E69AA00E2991B /* Release */,
			);
			defaultConfigurationIsVisible = 0;
			defaultConfigurationName = Release;
		};
		CDCFCCD21B8E690200547F5C /* Build configuration list for PBXProject "googleTranslateWidget" */ = {
			isa = XCConfigurationList;
			buildConfigurations = (
				CDCFCCF51B8E690300547F5C /* Debug */,
				CDCFCCF61B8E690300547F5C /* Release */,
			);
			defaultConfigurationIsVisible = 0;
			defaultConfigurationName = Release;
		};
		CDCFCCF71B8E690300547F5C /* Build configuration list for PBXNativeTarget "Swipe Translate" */ = {
			isa = XCConfigurationList;
			buildConfigurations = (
				CDCFCCF81B8E690300547F5C /* Debug */,
				CDCFCCF91B8E690300547F5C /* Release */,
			);
			defaultConfigurationIsVisible = 0;
			defaultConfigurationName = Release;
		};
/* End XCConfigurationList section */
	};
	rootObject = CDCFCCCF1B8E690200547F5C /* Project object */;
}
