// !$*UTF8*$!
{
	archiveVersion = 1;
	classes = {
	};
	objectVersion = 46;
	objects = {

/* Begin PBXBuildFile section */
		754CE1071C67E47100A2FB5A /* FavouritesListView.m in Sources */ = {isa = PBXBuildFile; fileRef = 754CE1061C67E47100A2FB5A /* FavouritesListView.m */; settings = {ASSET_TAGS = (); }; };
		754D685B1BD7A6D500C75CFE /* RequestHandler.m in Sources */ = {isa = PBXBuildFile; fileRef = CD338B531B8F198500CDB0D8 /* RequestHandler.m */; };
		754D685C1BD7A6DB00C75CFE /* PopupMenu.m in Sources */ = {isa = PBXBuildFile; fileRef = 75F8671E1BA649AE00392E74 /* PopupMenu.m */; };
		758DDE361BDC2F0500210924 /* LanguageSuggestionMenu.m in Sources */ = {isa = PBXBuildFile; fileRef = 758DDE351BDC2F0500210924 /* LanguageSuggestionMenu.m */; };
		75F5A8221BF5412C009A5CBC /* MainApplicationMenu.m in Sources */ = {isa = PBXBuildFile; fileRef = 75F5A8211BF5412C009A5CBC /* MainApplicationMenu.m */; };
		75F8671F1BA649AE00392E74 /* PopupMenu.m in Sources */ = {isa = PBXBuildFile; fileRef = 75F8671E1BA649AE00392E74 /* PopupMenu.m */; };
		CD12BB6A1BD7C1D5003ED768 /* TodayViewController.m in Sources */ = {isa = PBXBuildFile; fileRef = CD8EEB901B8E69AA00E2991B /* TodayViewController.m */; };
		CD12BB6B1BD7C3C6003ED768 /* LanguagesStorage.m in Sources */ = {isa = PBXBuildFile; fileRef = CDBFFA6E1BB065EE007E2DD2 /* LanguagesStorage.m */; };
		CD12BB6C1BD7C3CB003ED768 /* Parser.m in Sources */ = {isa = PBXBuildFile; fileRef = CDBFD8331B9A257500C5414D /* Parser.m */; };
		CD12BB6D1BD7C3CE003ED768 /* SeparatedButton.m in Sources */ = {isa = PBXBuildFile; fileRef = CDE4D2B91B971C78003188DB /* SeparatedButton.m */; };
		CD12BB711BD849D8003ED768 /* WidgetView.m in Sources */ = {isa = PBXBuildFile; fileRef = CD12BB701BD849D8003ED768 /* WidgetView.m */; };
		CD12BB721BD84AF8003ED768 /* WidgetView.m in Sources */ = {isa = PBXBuildFile; fileRef = CD12BB701BD849D8003ED768 /* WidgetView.m */; };
		CD1A16CE1BF5525A00EA90D3 /* HiddenScroll.m in Sources */ = {isa = PBXBuildFile; fileRef = CD1A16CD1BF5525A00EA90D3 /* HiddenScroll.m */; };
		CD1A16DA1BF557AB00EA90D3 /* Credits.rtf in Resources */ = {isa = PBXBuildFile; fileRef = CD1A16D91BF557AB00EA90D3 /* Credits.rtf */; };
		CD253CDE1BDABDF000662162 /* DataSource.m in Sources */ = {isa = PBXBuildFile; fileRef = CD253CDD1BDABDF000662162 /* DataSource.m */; };
		CD338B541B8F198500CDB0D8 /* RequestHandler.m in Sources */ = {isa = PBXBuildFile; fileRef = CD338B531B8F198500CDB0D8 /* RequestHandler.m */; };
		CD6F9F5A1BDC418F00E4B850 /* InnerScroll.m in Sources */ = {isa = PBXBuildFile; fileRef = CD6F9F591BDC418F00E4B850 /* InnerScroll.m */; };
		CD6F9F601BE3B0F400E4B850 /* LanguageTable.m in Sources */ = {isa = PBXBuildFile; fileRef = CD6F9F5F1BE3B0F400E4B850 /* LanguageTable.m */; };
		CD6F9F661BE5294900E4B850 /* InputScroll.m in Sources */ = {isa = PBXBuildFile; fileRef = CD6F9F651BE5294900E4B850 /* InputScroll.m */; };
		CD733F491C63A6EB007C4D9E /* KeyHandler.m in Sources */ = {isa = PBXBuildFile; fileRef = CD733F471C63924F007C4D9E /* KeyHandler.m */; };
		CD733F4A1C63A701007C4D9E /* KeyHandler.m in Sources */ = {isa = PBXBuildFile; fileRef = CD733F471C63924F007C4D9E /* KeyHandler.m */; };
		CD7CED7F1BD9772600789E8E /* SavedInfo.m in Sources */ = {isa = PBXBuildFile; fileRef = CD7CED7A1BD9772600789E8E /* SavedInfo.m */; };
		CD7CED801BD9772600789E8E /* SavedInfo.m in Sources */ = {isa = PBXBuildFile; fileRef = CD7CED7A1BD9772600789E8E /* SavedInfo.m */; };
		CD7CED811BD9772600789E8E /* ValidateTextView.m in Sources */ = {isa = PBXBuildFile; fileRef = CD7CED7C1BD9772600789E8E /* ValidateTextView.m */; };
		CD7CED821BD9772600789E8E /* ValidateTextView.m in Sources */ = {isa = PBXBuildFile; fileRef = CD7CED7C1BD9772600789E8E /* ValidateTextView.m */; };
		CD8EEB871B8E69AA00E2991B /* NotificationCenter.framework in Frameworks */ = {isa = PBXBuildFile; fileRef = CD8EEB861B8E69AA00E2991B /* NotificationCenter.framework */; };
		CD8EEB8E1B8E69AA00E2991B /* InfoPlist.strings in Resources */ = {isa = PBXBuildFile; fileRef = CD8EEB8C1B8E69AA00E2991B /* InfoPlist.strings */; };
		CD8EEB911B8E69AA00E2991B /* TodayViewController.m in Sources */ = {isa = PBXBuildFile; fileRef = CD8EEB901B8E69AA00E2991B /* TodayViewController.m */; };
		CD8EEB931B8E69AA00E2991B /* TodayViewController.xib in Resources */ = {isa = PBXBuildFile; fileRef = CD8EEB921B8E69AA00E2991B /* TodayViewController.xib */; };
		CD8EEB961B8E69AA00E2991B /* Swipe Translate Widget.appex in Embed App Extensions */ = {isa = PBXBuildFile; fileRef = CD8EEB841B8E69AA00E2991B /* Swipe Translate Widget.appex */; settings = {ATTRIBUTES = (RemoveHeadersOnCopy, ); }; };
		CD9DA14B1BE564CC00B1D0CA /* InputTextView.m in Sources */ = {isa = PBXBuildFile; fileRef = CD9DA14A1BE564CC00B1D0CA /* InputTextView.m */; };
		CDABD4DC1BC6B4F2004D05A1 /* AppDelegate.m in Sources */ = {isa = PBXBuildFile; fileRef = CDABD4DB1BC6B4F2004D05A1 /* AppDelegate.m */; };
		CDBFD8341B9A257500C5414D /* Parser.m in Sources */ = {isa = PBXBuildFile; fileRef = CDBFD8331B9A257500C5414D /* Parser.m */; };
		CDBFFA6F1BB065EE007E2DD2 /* LanguagesStorage.m in Sources */ = {isa = PBXBuildFile; fileRef = CDBFFA6E1BB065EE007E2DD2 /* LanguagesStorage.m */; };
		CDCFCCE01B8E690300547F5C /* main.m in Sources */ = {isa = PBXBuildFile; fileRef = CDCFCCDF1B8E690300547F5C /* main.m */; };
		CDCFCCE31B8E690300547F5C /* ViewController.m in Sources */ = {isa = PBXBuildFile; fileRef = CDCFCCE21B8E690300547F5C /* ViewController.m */; };
		CDCFCCE81B8E690300547F5C /* Main.storyboard in Resources */ = {isa = PBXBuildFile; fileRef = CDCFCCE61B8E690300547F5C /* Main.storyboard */; };
		CDD783331BF1265E00F32CD2 /* LanguageCell.m in Sources */ = {isa = PBXBuildFile; fileRef = CDD783321BF1265E00F32CD2 /* LanguageCell.m */; };
		CDE4D2BA1B971C78003188DB /* SeparatedButton.m in Sources */ = {isa = PBXBuildFile; fileRef = CDE4D2B91B971C78003188DB /* SeparatedButton.m */; };
		CDFF83991BC69A32002AF1E4 /* MainIcon.xcassets in Resources */ = {isa = PBXBuildFile; fileRef = CDFF83981BC69A32002AF1E4 /* MainIcon.xcassets */; };
		CDFF839A1BC69A32002AF1E4 /* MainIcon.xcassets in Resources */ = {isa = PBXBuildFile; fileRef = CDFF83981BC69A32002AF1E4 /* MainIcon.xcassets */; };
/* End PBXBuildFile section */

/* Begin PBXContainerItemProxy section */
		CD8EEB941B8E69AA00E2991B /* PBXContainerItemProxy */ = {
			isa = PBXContainerItemProxy;
			containerPortal = CDCFCCCF1B8E690200547F5C /* Project object */;
			proxyType = 1;
			remoteGlobalIDString = CD8EEB831B8E69AA00E2991B;
			remoteInfo = todayWidget;
		};
/* End PBXContainerItemProxy section */

/* Begin PBXCopyFilesBuildPhase section */
		CD8EEB9A1B8E69AA00E2991B /* Embed App Extensions */ = {
			isa = PBXCopyFilesBuildPhase;
			buildActionMask = 2147483647;
			dstPath = "";
			dstSubfolderSpec = 13;
			files = (
				CD8EEB961B8E69AA00E2991B /* Swipe Translate Widget.appex in Embed App Extensions */,
			);
			name = "Embed App Extensions";
			runOnlyForDeploymentPostprocessing = 0;
		};
/* End PBXCopyFilesBuildPhase section */

/* Begin PBXFileReference section */
		754CE1051C67E46800A2FB5A /* FavouritesListView.h */ = {isa = PBXFileReference; fileEncoding = 4; lastKnownFileType = sourcecode.c.h; path = FavouritesListView.h; sourceTree = "<group>"; };
		754CE1061C67E47100A2FB5A /* FavouritesListView.m */ = {isa = PBXFileReference; fileEncoding = 4; lastKnownFileType = sourcecode.c.objc; path = FavouritesListView.m; sourceTree = "<group>"; };
		75836E071BB7025100C8D020 /* googleTranslateWidget.entitlements */ = {isa = PBXFileReference; lastKnownFileType = text.xml; path = googleTranslateWidget.entitlements; sourceTree = "<group>"; };
		758DDE301BDC1DBD00210924 /* DataSourceDelegate.h */ = {isa = PBXFileReference; lastKnownFileType = sourcecode.c.h; path = DataSourceDelegate.h; sourceTree = "<group>"; };
		758DDE341BDC2F0500210924 /* LanguageSuggestionMenu.h */ = {isa = PBXFileReference; fileEncoding = 4; lastKnownFileType = sourcecode.c.h; name = LanguageSuggestionMenu.h; path = googleTranslateWidget/LanguageSuggestionMenu.h; sourceTree = "<group>"; };
		758DDE351BDC2F0500210924 /* LanguageSuggestionMenu.m */ = {isa = PBXFileReference; fileEncoding = 4; lastKnownFileType = sourcecode.c.objc; name = LanguageSuggestionMenu.m; path = googleTranslateWidget/LanguageSuggestionMenu.m; sourceTree = "<group>"; };
		75F5A8201BF5412C009A5CBC /* MainApplicationMenu.h */ = {isa = PBXFileReference; fileEncoding = 4; lastKnownFileType = sourcecode.c.h; name = MainApplicationMenu.h; path = googleTranslateWidget/MainApplicationMenu.h; sourceTree = "<group>"; };
		75F5A8211BF5412C009A5CBC /* MainApplicationMenu.m */ = {isa = PBXFileReference; fileEncoding = 4; lastKnownFileType = sourcecode.c.objc; name = MainApplicationMenu.m; path = googleTranslateWidget/MainApplicationMenu.m; sourceTree = "<group>"; };
		75F8671D1BA6499E00392E74 /* PopupMenu.h */ = {isa = PBXFileReference; fileEncoding = 4; lastKnownFileType = sourcecode.c.h; name = PopupMenu.h; path = todayWidget/PopupMenu.h; sourceTree = "<group>"; };
		75F8671E1BA649AE00392E74 /* PopupMenu.m */ = {isa = PBXFileReference; fileEncoding = 4; lastKnownFileType = sourcecode.c.objc; name = PopupMenu.m; path = todayWidget/PopupMenu.m; sourceTree = "<group>"; };
		CD12BB6F1BD849D8003ED768 /* WidgetView.h */ = {isa = PBXFileReference; fileEncoding = 4; lastKnownFileType = sourcecode.c.h; name = WidgetView.h; path = todayWidget/WidgetView.h; sourceTree = "<group>"; };
		CD12BB701BD849D8003ED768 /* WidgetView.m */ = {isa = PBXFileReference; fileEncoding = 4; lastKnownFileType = sourcecode.c.objc; name = WidgetView.m; path = todayWidget/WidgetView.m; sourceTree = "<group>"; };
		CD1A16CC1BF5525900EA90D3 /* HiddenScroll.h */ = {isa = PBXFileReference; fileEncoding = 4; lastKnownFileType = sourcecode.c.h; name = HiddenScroll.h; path = googleTranslateWidget/HiddenScroll.h; sourceTree = "<group>"; };
		CD1A16CD1BF5525A00EA90D3 /* HiddenScroll.m */ = {isa = PBXFileReference; fileEncoding = 4; lastKnownFileType = sourcecode.c.objc; name = HiddenScroll.m; path = googleTranslateWidget/HiddenScroll.m; sourceTree = "<group>"; };
		CD1A16D91BF557AB00EA90D3 /* Credits.rtf */ = {isa = PBXFileReference; fileEncoding = 4; lastKnownFileType = text.rtf; path = Credits.rtf; sourceTree = "<group>"; };
		CD253CDC1BDABDF000662162 /* DataSource.h */ = {isa = PBXFileReference; fileEncoding = 4; lastKnownFileType = sourcecode.c.h; path = DataSource.h; sourceTree = "<group>"; };
		CD253CDD1BDABDF000662162 /* DataSource.m */ = {isa = PBXFileReference; fileEncoding = 4; lastKnownFileType = sourcecode.c.objc; path = DataSource.m; sourceTree = "<group>"; };
		CD338B531B8F198500CDB0D8 /* RequestHandler.m */ = {isa = PBXFileReference; fileEncoding = 4; lastKnownFileType = sourcecode.c.objc; name = RequestHandler.m; path = todayWidget/RequestHandler.m; sourceTree = "<group>"; };
		CD338B551B8F198A00CDB0D8 /* RequestHandler.h */ = {isa = PBXFileReference; lastKnownFileType = sourcecode.c.h; name = RequestHandler.h; path = todayWidget/RequestHandler.h; sourceTree = "<group>"; };
		CD6F9F581BDC418F00E4B850 /* InnerScroll.h */ = {isa = PBXFileReference; fileEncoding = 4; lastKnownFileType = sourcecode.c.h; name = InnerScroll.h; path = googleTranslateWidget/InnerScroll.h; sourceTree = "<group>"; };
		CD6F9F591BDC418F00E4B850 /* InnerScroll.m */ = {isa = PBXFileReference; fileEncoding = 4; lastKnownFileType = sourcecode.c.objc; name = InnerScroll.m; path = googleTranslateWidget/InnerScroll.m; sourceTree = "<group>"; };
		CD6F9F5E1BE3B0F400E4B850 /* LanguageTable.h */ = {isa = PBXFileReference; fileEncoding = 4; lastKnownFileType = sourcecode.c.h; path = LanguageTable.h; sourceTree = "<group>"; };
		CD6F9F5F1BE3B0F400E4B850 /* LanguageTable.m */ = {isa = PBXFileReference; fileEncoding = 4; lastKnownFileType = sourcecode.c.objc; path = LanguageTable.m; sourceTree = "<group>"; };
		CD6F9F641BE5294900E4B850 /* InputScroll.h */ = {isa = PBXFileReference; fileEncoding = 4; lastKnownFileType = sourcecode.c.h; name = InputScroll.h; path = googleTranslateWidget/InputScroll.h; sourceTree = "<group>"; };
		CD6F9F651BE5294900E4B850 /* InputScroll.m */ = {isa = PBXFileReference; fileEncoding = 4; lastKnownFileType = sourcecode.c.objc; name = InputScroll.m; path = googleTranslateWidget/InputScroll.m; sourceTree = "<group>"; };
		CD733F461C63924F007C4D9E /* KeyHandler.h */ = {isa = PBXFileReference; fileEncoding = 4; lastKnownFileType = sourcecode.c.h; path = KeyHandler.h; sourceTree = "<group>"; };
		CD733F471C63924F007C4D9E /* KeyHandler.m */ = {isa = PBXFileReference; fileEncoding = 4; lastKnownFileType = sourcecode.c.objc; path = KeyHandler.m; sourceTree = "<group>"; };
		CD7CED791BD9772600789E8E /* SavedInfo.h */ = {isa = PBXFileReference; fileEncoding = 4; lastKnownFileType = sourcecode.c.h; name = SavedInfo.h; path = todayWidget/SavedInfo.h; sourceTree = "<group>"; };
		CD7CED7A1BD9772600789E8E /* SavedInfo.m */ = {isa = PBXFileReference; fileEncoding = 4; lastKnownFileType = sourcecode.c.objc; name = SavedInfo.m; path = todayWidget/SavedInfo.m; sourceTree = "<group>"; };
		CD7CED7B1BD9772600789E8E /* ValidateTextView.h */ = {isa = PBXFileReference; fileEncoding = 4; lastKnownFileType = sourcecode.c.h; name = ValidateTextView.h; path = todayWidget/ValidateTextView.h; sourceTree = "<group>"; };
		CD7CED7C1BD9772600789E8E /* ValidateTextView.m */ = {isa = PBXFileReference; fileEncoding = 4; lastKnownFileType = sourcecode.c.objc; name = ValidateTextView.m; path = todayWidget/ValidateTextView.m; sourceTree = "<group>"; };
		CD8EEB841B8E69AA00E2991B /* Swipe Translate Widget.appex */ = {isa = PBXFileReference; explicitFileType = "wrapper.app-extension"; includeInIndex = 0; path = "Swipe Translate Widget.appex"; sourceTree = BUILT_PRODUCTS_DIR; };
		CD8EEB861B8E69AA00E2991B /* NotificationCenter.framework */ = {isa = PBXFileReference; lastKnownFileType = wrapper.framework; name = NotificationCenter.framework; path = System/Library/Frameworks/NotificationCenter.framework; sourceTree = SDKROOT; };
		CD8EEB8A1B8E69AA00E2991B /* Info.plist */ = {isa = PBXFileReference; lastKnownFileType = text.plist.xml; path = Info.plist; sourceTree = "<group>"; };
		CD8EEB8B1B8E69AA00E2991B /* todayWidget.entitlements */ = {isa = PBXFileReference; lastKnownFileType = text.xml; path = todayWidget.entitlements; sourceTree = "<group>"; };
		CD8EEB8D1B8E69AA00E2991B /* en */ = {isa = PBXFileReference; lastKnownFileType = text.plist.strings; name = en; path = en.lproj/InfoPlist.strings; sourceTree = "<group>"; };
		CD8EEB8F1B8E69AA00E2991B /* TodayViewController.h */ = {isa = PBXFileReference; lastKnownFileType = sourcecode.c.h; path = TodayViewController.h; sourceTree = "<group>"; };
		CD8EEB901B8E69AA00E2991B /* TodayViewController.m */ = {isa = PBXFileReference; lastKnownFileType = sourcecode.c.objc; path = TodayViewController.m; sourceTree = "<group>"; };
		CD8EEB921B8E69AA00E2991B /* TodayViewController.xib */ = {isa = PBXFileReference; lastKnownFileType = file.xib; path = TodayViewController.xib; sourceTree = "<group>"; };
		CD9DA1491BE564CC00B1D0CA /* InputTextView.h */ = {isa = PBXFileReference; fileEncoding = 4; lastKnownFileType = sourcecode.c.h; name = InputTextView.h; path = googleTranslateWidget/InputTextView.h; sourceTree = "<group>"; };
		CD9DA14A1BE564CC00B1D0CA /* InputTextView.m */ = {isa = PBXFileReference; fileEncoding = 4; lastKnownFileType = sourcecode.c.objc; name = InputTextView.m; path = googleTranslateWidget/InputTextView.m; sourceTree = "<group>"; };
		CD9DA14C1BE6B45900B1D0CA /* RequestReceiver.h */ = {isa = PBXFileReference; fileEncoding = 4; lastKnownFileType = sourcecode.c.h; name = RequestReceiver.h; path = googleTranslateWidget/RequestReceiver.h; sourceTree = "<group>"; };
		CDABD4DB1BC6B4F2004D05A1 /* AppDelegate.m */ = {isa = PBXFileReference; fileEncoding = 4; lastKnownFileType = sourcecode.c.objc; path = AppDelegate.m; sourceTree = "<group>"; };
		CDBFD8321B9A257500C5414D /* Parser.h */ = {isa = PBXFileReference; fileEncoding = 4; lastKnownFileType = sourcecode.c.h; name = Parser.h; path = todayWidget/Parser.h; sourceTree = "<group>"; };
		CDBFD8331B9A257500C5414D /* Parser.m */ = {isa = PBXFileReference; fileEncoding = 4; lastKnownFileType = sourcecode.c.objc; name = Parser.m; path = todayWidget/Parser.m; sourceTree = "<group>"; };
		CDBFFA6D1BB065EE007E2DD2 /* LanguagesStorage.h */ = {isa = PBXFileReference; fileEncoding = 4; lastKnownFileType = sourcecode.c.h; name = LanguagesStorage.h; path = todayWidget/LanguagesStorage.h; sourceTree = "<group>"; };
		CDBFFA6E1BB065EE007E2DD2 /* LanguagesStorage.m */ = {isa = PBXFileReference; fileEncoding = 4; lastKnownFileType = sourcecode.c.objc; name = LanguagesStorage.m; path = todayWidget/LanguagesStorage.m; sourceTree = "<group>"; };
		CDCFCCD71B8E690300547F5C /* Swipe Translate.app */ = {isa = PBXFileReference; explicitFileType = wrapper.application; includeInIndex = 0; path = "Swipe Translate.app"; sourceTree = BUILT_PRODUCTS_DIR; };
		CDCFCCDB1B8E690300547F5C /* Info.plist */ = {isa = PBXFileReference; lastKnownFileType = text.plist.xml; path = Info.plist; sourceTree = "<group>"; };
		CDCFCCDC1B8E690300547F5C /* AppDelegate.h */ = {isa = PBXFileReference; lastKnownFileType = sourcecode.c.h; path = AppDelegate.h; sourceTree = "<group>"; };
		CDCFCCDF1B8E690300547F5C /* main.m */ = {isa = PBXFileReference; lastKnownFileType = sourcecode.c.objc; path = main.m; sourceTree = "<group>"; };
		CDCFCCE11B8E690300547F5C /* ViewController.h */ = {isa = PBXFileReference; lastKnownFileType = sourcecode.c.h; path = ViewController.h; sourceTree = "<group>"; };
		CDCFCCE21B8E690300547F5C /* ViewController.m */ = {isa = PBXFileReference; lastKnownFileType = sourcecode.c.objc; path = ViewController.m; sourceTree = "<group>"; };
		CDCFCCE71B8E690300547F5C /* Base */ = {isa = PBXFileReference; lastKnownFileType = file.storyboard; name = Base; path = Base.lproj/Main.storyboard; sourceTree = "<group>"; };
		CDCFCCF21B8E690300547F5C /* Info.plist */ = {isa = PBXFileReference; lastKnownFileType = text.plist.xml; path = Info.plist; sourceTree = "<group>"; };
		CDCFCCF31B8E690300547F5C /* googleTranslateWidgetTests.m */ = {isa = PBXFileReference; lastKnownFileType = sourcecode.c.objc; path = googleTranslateWidgetTests.m; sourceTree = "<group>"; };
		CDD783311BF1265E00F32CD2 /* LanguageCell.h */ = {isa = PBXFileReference; fileEncoding = 4; lastKnownFileType = sourcecode.c.h; name = LanguageCell.h; path = googleTranslateWidget/LanguageCell.h; sourceTree = "<group>"; };
		CDD783321BF1265E00F32CD2 /* LanguageCell.m */ = {isa = PBXFileReference; fileEncoding = 4; lastKnownFileType = sourcecode.c.objc; name = LanguageCell.m; path = googleTranslateWidget/LanguageCell.m; sourceTree = "<group>"; };
		CDE4D2B81B971C78003188DB /* SeparatedButton.h */ = {isa = PBXFileReference; fileEncoding = 4; lastKnownFileType = sourcecode.c.h; name = SeparatedButton.h; path = todayWidget/SeparatedButton.h; sourceTree = "<group>"; };
		CDE4D2B91B971C78003188DB /* SeparatedButton.m */ = {isa = PBXFileReference; fileEncoding = 4; lastKnownFileType = sourcecode.c.objc; name = SeparatedButton.m; path = todayWidget/SeparatedButton.m; sourceTree = "<group>"; };
		CDFF83981BC69A32002AF1E4 /* MainIcon.xcassets */ = {isa = PBXFileReference; lastKnownFileType = folder.assetcatalog; path = MainIcon.xcassets; sourceTree = "<group>"; };
/* End PBXFileReference section */

/* Begin PBXFrameworksBuildPhase section */
		CD8EEB811B8E69AA00E2991B /* Frameworks */ = {
			isa = PBXFrameworksBuildPhase;
			buildActionMask = 2147483647;
			files = (
				CD8EEB871B8E69AA00E2991B /* NotificationCenter.framework in Frameworks */,
			);
			runOnlyForDeploymentPostprocessing = 0;
		};
		CDCFCCD41B8E690300547F5C /* Frameworks */ = {
			isa = PBXFrameworksBuildPhase;
			buildActionMask = 2147483647;
			files = (
			);
			runOnlyForDeploymentPostprocessing = 0;
		};
/* End PBXFrameworksBuildPhase section */

/* Begin PBXGroup section */
		CD8EEB851B8E69AA00E2991B /* Frameworks */ = {
			isa = PBXGroup;
			children = (
				CD8EEB861B8E69AA00E2991B /* NotificationCenter.framework */,
			);
			name = Frameworks;
			sourceTree = "<group>";
		};
		CD8EEB881B8E69AA00E2991B /* Widget */ = {
			isa = PBXGroup;
			children = (
				CD8EEB8F1B8E69AA00E2991B /* TodayViewController.h */,
				CD8EEB901B8E69AA00E2991B /* TodayViewController.m */,
				CD8EEB921B8E69AA00E2991B /* TodayViewController.xib */,
				CD8EEB891B8E69AA00E2991B /* Supporting Files */,
			);
			name = Widget;
			path = todayWidget;
			sourceTree = "<group>";
		};
		CD8EEB891B8E69AA00E2991B /* Supporting Files */ = {
			isa = PBXGroup;
			children = (
				CD8EEB8A1B8E69AA00E2991B /* Info.plist */,
				CD8EEB8B1B8E69AA00E2991B /* todayWidget.entitlements */,
				CD8EEB8C1B8E69AA00E2991B /* InfoPlist.strings */,
			);
			name = "Supporting Files";
			sourceTree = "<group>";
		};
		CD8F79961C08CED60094742F /* CustomMainClasses */ = {
			isa = PBXGroup;
			children = (
				758DDE341BDC2F0500210924 /* LanguageSuggestionMenu.h */,
				758DDE351BDC2F0500210924 /* LanguageSuggestionMenu.m */,
				75F5A8201BF5412C009A5CBC /* MainApplicationMenu.h */,
				75F5A8211BF5412C009A5CBC /* MainApplicationMenu.m */,
				CD9DA1491BE564CC00B1D0CA /* InputTextView.h */,
				CD9DA14A1BE564CC00B1D0CA /* InputTextView.m */,
				CD6F9F641BE5294900E4B850 /* InputScroll.h */,
				CD6F9F651BE5294900E4B850 /* InputScroll.m */,
				CD1A16CC1BF5525900EA90D3 /* HiddenScroll.h */,
				CD1A16CD1BF5525A00EA90D3 /* HiddenScroll.m */,
				CD6F9F581BDC418F00E4B850 /* InnerScroll.h */,
				CD6F9F591BDC418F00E4B850 /* InnerScroll.m */,
				CD6F9F5E1BE3B0F400E4B850 /* LanguageTable.h */,
				CD6F9F5F1BE3B0F400E4B850 /* LanguageTable.m */,
				CDD783311BF1265E00F32CD2 /* LanguageCell.h */,
				CDD783321BF1265E00F32CD2 /* LanguageCell.m */,
			);
			name = CustomMainClasses;
			sourceTree = "<group>";
		};
		CD8F79971C08CF980094742F /* Helpers */ = {
			isa = PBXGroup;
			children = (
				CD9DA14C1BE6B45900B1D0CA /* RequestReceiver.h */,
				CDBFFA6D1BB065EE007E2DD2 /* LanguagesStorage.h */,
				CDBFFA6E1BB065EE007E2DD2 /* LanguagesStorage.m */,
				CD7CED7B1BD9772600789E8E /* ValidateTextView.h */,
				CD7CED7C1BD9772600789E8E /* ValidateTextView.m */,
			);
			name = Helpers;
			sourceTree = "<group>";
		};
		CD8F79981C08CFBD0094742F /* CustomWidgetClasses */ = {
			isa = PBXGroup;
			children = (
				75F8671D1BA6499E00392E74 /* PopupMenu.h */,
				75F8671E1BA649AE00392E74 /* PopupMenu.m */,
				CDE4D2B81B971C78003188DB /* SeparatedButton.h */,
				CDE4D2B91B971C78003188DB /* SeparatedButton.m */,
				CD12BB6F1BD849D8003ED768 /* WidgetView.h */,
				CD12BB701BD849D8003ED768 /* WidgetView.m */,
			);
			name = CustomWidgetClasses;
			sourceTree = "<group>";
		};
		CD8F79991C08D0160094742F /* Backend */ = {
			isa = PBXGroup;
			children = (
				CD338B551B8F198A00CDB0D8 /* RequestHandler.h */,
				CD338B531B8F198500CDB0D8 /* RequestHandler.m */,
				CD733F461C63924F007C4D9E /* KeyHandler.h */,
				CD733F471C63924F007C4D9E /* KeyHandler.m */,
				CDBFD8321B9A257500C5414D /* Parser.h */,
				CDBFD8331B9A257500C5414D /* Parser.m */,
				CD7CED791BD9772600789E8E /* SavedInfo.h */,
				CD7CED7A1BD9772600789E8E /* SavedInfo.m */,
			);
			name = Backend;
			sourceTree = "<group>";
		};
		CDCFCCCE1B8E690200547F5C = {
			isa = PBXGroup;
			children = (
				CD8F79971C08CF980094742F /* Helpers */,
				CD8F79991C08D0160094742F /* Backend */,
				CD8F79961C08CED60094742F /* CustomMainClasses */,
				CDCFCCD91B8E690300547F5C /* MainApp */,
				CD8F79981C08CFBD0094742F /* CustomWidgetClasses */,
				CD8EEB881B8E69AA00E2991B /* Widget */,
				CD8EEB851B8E69AA00E2991B /* Frameworks */,
				CDCFCCD81B8E690300547F5C /* Products */,
				CDCFCCF01B8E690300547F5C /* googleTranslateWidgetTests */,
			);
			sourceTree = "<group>";
		};
		CDCFCCD81B8E690300547F5C /* Products */ = {
			isa = PBXGroup;
			children = (
				CDCFCCD71B8E690300547F5C /* Swipe Translate.app */,
				CD8EEB841B8E69AA00E2991B /* Swipe Translate Widget.appex */,
			);
			name = Products;
			sourceTree = "<group>";
		};
		CDCFCCD91B8E690300547F5C /* MainApp */ = {
			isa = PBXGroup;
			children = (
				75836E071BB7025100C8D020 /* googleTranslateWidget.entitlements */,
				758DDE301BDC1DBD00210924 /* DataSourceDelegate.h */,
				CDCFCCDC1B8E690300547F5C /* AppDelegate.h */,
				CDABD4DB1BC6B4F2004D05A1 /* AppDelegate.m */,
				CD253CDC1BDABDF000662162 /* DataSource.h */,
				CD253CDD1BDABDF000662162 /* DataSource.m */,
				CDCFCCE11B8E690300547F5C /* ViewController.h */,
				CDCFCCE21B8E690300547F5C /* ViewController.m */,
				754CE1051C67E46800A2FB5A /* FavouritesListView.h */,
				754CE1061C67E47100A2FB5A /* FavouritesListView.m */,
				CDCFCCE61B8E690300547F5C /* Main.storyboard */,
				CDCFCCDA1B8E690300547F5C /* Supporting Files */,
				CDFF83981BC69A32002AF1E4 /* MainIcon.xcassets */,
			);
			name = MainApp;
			path = googleTranslateWidget;
			sourceTree = "<group>";
		};
		CDCFCCDA1B8E690300547F5C /* Supporting Files */ = {
			isa = PBXGroup;
			children = (
				CDCFCCDB1B8E690300547F5C /* Info.plist */,
				CDCFCCDF1B8E690300547F5C /* main.m */,
				CD1A16D91BF557AB00EA90D3 /* Credits.rtf */,
			);
			name = "Supporting Files";
			sourceTree = "<group>";
		};
		CDCFCCF01B8E690300547F5C /* googleTranslateWidgetTests */ = {
			isa = PBXGroup;
			children = (
				CDCFCCF31B8E690300547F5C /* googleTranslateWidgetTests.m */,
				CDCFCCF11B8E690300547F5C /* Supporting Files */,
			);
			path = googleTranslateWidgetTests;
			sourceTree = "<group>";
		};
		CDCFCCF11B8E690300547F5C /* Supporting Files */ = {
			isa = PBXGroup;
			children = (
				CDCFCCF21B8E690300547F5C /* Info.plist */,
			);
			name = "Supporting Files";
			sourceTree = "<group>";
		};
/* End PBXGroup section */

/* Begin PBXNativeTarget section */
		CD8EEB831B8E69AA00E2991B /* Swipe Translate Widget */ = {
			isa = PBXNativeTarget;
			buildConfigurationList = CD8EEB991B8E69AA00E2991B /* Build configuration list for PBXNativeTarget "Swipe Translate Widget" */;
			buildPhases = (
				CD8EEB801B8E69AA00E2991B /* Sources */,
				CD8EEB811B8E69AA00E2991B /* Frameworks */,
				CD8EEB821B8E69AA00E2991B /* Resources */,
			);
			buildRules = (
			);
			dependencies = (
			);
			name = "Swipe Translate Widget";
			productName = todayWidget;
			productReference = CD8EEB841B8E69AA00E2991B /* Swipe Translate Widget.appex */;
			productType = "com.apple.product-type.app-extension";
		};
		CDCFCCD61B8E690300547F5C /* Swipe Translate */ = {
			isa = PBXNativeTarget;
			buildConfigurationList = CDCFCCF71B8E690300547F5C /* Build configuration list for PBXNativeTarget "Swipe Translate" */;
			buildPhases = (
				CDCFCCD31B8E690300547F5C /* Sources */,
				CDCFCCD41B8E690300547F5C /* Frameworks */,
				CDCFCCD51B8E690300547F5C /* Resources */,
				CD8EEB9A1B8E69AA00E2991B /* Embed App Extensions */,
			);
			buildRules = (
			);
			dependencies = (
				CD8EEB951B8E69AA00E2991B /* PBXTargetDependency */,
			);
			name = "Swipe Translate";
			productName = googleTranslateWidget;
			productReference = CDCFCCD71B8E690300547F5C /* Swipe Translate.app */;
			productType = "com.apple.product-type.application";
		};
/* End PBXNativeTarget section */

/* Begin PBXProject section */
		CDCFCCCF1B8E690200547F5C /* Project object */ = {
			isa = PBXProject;
			attributes = {
				LastUpgradeCheck = 0640;
				ORGANIZATIONNAME = "Mark Vasiv";
				TargetAttributes = {
					CD8EEB831B8E69AA00E2991B = {
						CreatedOnToolsVersion = 6.4;
						SystemCapabilities = {
							com.apple.ApplicationGroups.Mac = {
								enabled = 0;
							};
						};
					};
					CDCFCCD61B8E690300547F5C = {
						CreatedOnToolsVersion = 6.4;
						SystemCapabilities = {
							com.apple.ApplicationGroups.Mac = {
								enabled = 0;
							};
							com.apple.Sandbox = {
								enabled = 1;
							};
						};
					};
				};
			};
			buildConfigurationList = CDCFCCD21B8E690200547F5C /* Build configuration list for PBXProject "googleTranslateWidget" */;
			compatibilityVersion = "Xcode 3.2";
			developmentRegion = English;
			hasScannedForEncodings = 0;
			knownRegions = (
				en,
				Base,
			);
			mainGroup = CDCFCCCE1B8E690200547F5C;
			productRefGroup = CDCFCCD81B8E690300547F5C /* Products */;
			projectDirPath = "";
			projectRoot = "";
			targets = (
				CDCFCCD61B8E690300547F5C /* Swipe Translate */,
				CD8EEB831B8E69AA00E2991B /* Swipe Translate Widget */,
			);
		};
/* End PBXProject section */

/* Begin PBXResourcesBuildPhase section */
		CD8EEB821B8E69AA00E2991B /* Resources */ = {
			isa = PBXResourcesBuildPhase;
			buildActionMask = 2147483647;
			files = (
				CDFF839A1BC69A32002AF1E4 /* MainIcon.xcassets in Resources */,
				CD8EEB931B8E69AA00E2991B /* TodayViewController.xib in Resources */,
				CD8EEB8E1B8E69AA00E2991B /* InfoPlist.strings in Resources */,
			);
			runOnlyForDeploymentPostprocessing = 0;
		};
		CDCFCCD51B8E690300547F5C /* Resources */ = {
			isa = PBXResourcesBuildPhase;
			buildActionMask = 2147483647;
			files = (
				CDFF83991BC69A32002AF1E4 /* MainIcon.xcassets in Resources */,
				CD1A16DA1BF557AB00EA90D3 /* Credits.rtf in Resources */,
				CDCFCCE81B8E690300547F5C /* Main.storyboard in Resources */,
			);
			runOnlyForDeploymentPostprocessing = 0;
		};
/* End PBXResourcesBuildPhase section */

/* Begin PBXSourcesBuildPhase section */
		CD8EEB801B8E69AA00E2991B /* Sources */ = {
			isa = PBXSourcesBuildPhase;
			buildActionMask = 2147483647;
			files = (
				CD7CED801BD9772600789E8E /* SavedInfo.m in Sources */,
				CDE4D2BA1B971C78003188DB /* SeparatedButton.m in Sources */,
				CDBFD8341B9A257500C5414D /* Parser.m in Sources */,
				CD338B541B8F198500CDB0D8 /* RequestHandler.m in Sources */,
				CD733F4A1C63A701007C4D9E /* KeyHandler.m in Sources */,
				CD12BB711BD849D8003ED768 /* WidgetView.m in Sources */,
				CDBFFA6F1BB065EE007E2DD2 /* LanguagesStorage.m in Sources */,
				75F8671F1BA649AE00392E74 /* PopupMenu.m in Sources */,
				CD8EEB911B8E69AA00E2991B /* TodayViewController.m in Sources */,
				CD7CED821BD9772600789E8E /* ValidateTextView.m in Sources */,
			);
			runOnlyForDeploymentPostprocessing = 0;
		};
		CDCFCCD31B8E690300547F5C /* Sources */ = {
			isa = PBXSourcesBuildPhase;
			buildActionMask = 2147483647;
			files = (
				CD733F491C63A6EB007C4D9E /* KeyHandler.m in Sources */,
				CD12BB6D1BD7C3CE003ED768 /* SeparatedButton.m in Sources */,
				CDD783331BF1265E00F32CD2 /* LanguageCell.m in Sources */,
				CD12BB6C1BD7C3CB003ED768 /* Parser.m in Sources */,
				CD7CED811BD9772600789E8E /* ValidateTextView.m in Sources */,
				CD6F9F5A1BDC418F00E4B850 /* InnerScroll.m in Sources */,
				CD253CDE1BDABDF000662162 /* DataSource.m in Sources */,
				CD12BB6A1BD7C1D5003ED768 /* TodayViewController.m in Sources */,
				CD6F9F601BE3B0F400E4B850 /* LanguageTable.m in Sources */,
				754D685C1BD7A6DB00C75CFE /* PopupMenu.m in Sources */,
				CD9DA14B1BE564CC00B1D0CA /* InputTextView.m in Sources */,
				754D685B1BD7A6D500C75CFE /* RequestHandler.m in Sources */,
				CDABD4DC1BC6B4F2004D05A1 /* AppDelegate.m in Sources */,
				CD12BB6B1BD7C3C6003ED768 /* LanguagesStorage.m in Sources */,
				CDCFCCE31B8E690300547F5C /* ViewController.m in Sources */,
				754CE1071C67E47100A2FB5A /* FavouritesListView.m in Sources */,
				758DDE361BDC2F0500210924 /* LanguageSuggestionMenu.m in Sources */,
				CD7CED7F1BD9772600789E8E /* SavedInfo.m in Sources */,
				75F5A8221BF5412C009A5CBC /* MainApplicationMenu.m in Sources */,
				CD1A16CE1BF5525A00EA90D3 /* HiddenScroll.m in Sources */,
				CD6F9F661BE5294900E4B850 /* InputScroll.m in Sources */,
				CD12BB721BD84AF8003ED768 /* WidgetView.m in Sources */,
				CDCFCCE01B8E690300547F5C /* main.m in Sources */,
			);
			runOnlyForDeploymentPostprocessing = 0;
		};
/* End PBXSourcesBuildPhase section */

/* Begin PBXTargetDependency section */
		CD8EEB951B8E69AA00E2991B /* PBXTargetDependency */ = {
			isa = PBXTargetDependency;
			target = CD8EEB831B8E69AA00E2991B /* Swipe Translate Widget */;
			targetProxy = CD8EEB941B8E69AA00E2991B /* PBXContainerItemProxy */;
		};
/* End PBXTargetDependency section */

/* Begin PBXVariantGroup section */
		CD8EEB8C1B8E69AA00E2991B /* InfoPlist.strings */ = {
			isa = PBXVariantGroup;
			children = (
				CD8EEB8D1B8E69AA00E2991B /* en */,
			);
			name = InfoPlist.strings;
			sourceTree = "<group>";
		};
		CDCFCCE61B8E690300547F5C /* Main.storyboard */ = {
			isa = PBXVariantGroup;
			children = (
				CDCFCCE71B8E690300547F5C /* Base */,
			);
			name = Main.storyboard;
			sourceTree = "<group>";
		};
/* End PBXVariantGroup section */

/* Begin XCBuildConfiguration section */
		CD8EEB971B8E69AA00E2991B /* Debug */ = {
			isa = XCBuildConfiguration;
			buildSettings = {
				ASSETCATALOG_COMPILER_APPICON_NAME = AppIcon;
				CODE_SIGN_ENTITLEMENTS = todayWidget/todayWidget.entitlements;
				CODE_SIGN_IDENTITY = "-";
				COMBINE_HIDPI_IMAGES = YES;
				GCC_PREPROCESSOR_DEFINITIONS = (
					"DEBUG=1",
					"$(inherited)",
				);
				INFOPLIST_FILE = todayWidget/Info.plist;
				LD_RUNPATH_SEARCH_PATHS = "$(inherited) @executable_path/../Frameworks @executable_path/../../../../Frameworks";
				MACOSX_DEPLOYMENT_TARGET = 10.10;
				PRODUCT_BUNDLE_IDENTIFIER = "markvasiv.Swipe-Translate.Widget";
				PRODUCT_NAME = "$(TARGET_NAME)";
				SKIP_INSTALL = YES;
			};
			name = Debug;
		};
		CD8EEB981B8E69AA00E2991B /* Release */ = {
			isa = XCBuildConfiguration;
			buildSettings = {
				ASSETCATALOG_COMPILER_APPICON_NAME = AppIcon;
				CODE_SIGN_ENTITLEMENTS = todayWidget/todayWidget.entitlements;
				CODE_SIGN_IDENTITY = "-";
				COMBINE_HIDPI_IMAGES = YES;
				INFOPLIST_FILE = todayWidget/Info.plist;
				LD_RUNPATH_SEARCH_PATHS = "$(inherited) @executable_path/../Frameworks @executable_path/../../../../Frameworks";
				MACOSX_DEPLOYMENT_TARGET = 10.10;
				PRODUCT_BUNDLE_IDENTIFIER = "markvasiv.Swipe-Translate.Widget";
				PRODUCT_NAME = "$(TARGET_NAME)";
				SKIP_INSTALL = YES;
			};
			name = Release;
		};
		CDCFCCF51B8E690300547F5C /* Debug */ = {
			isa = XCBuildConfiguration;
			buildSettings = {
				ALWAYS_SEARCH_USER_PATHS = NO;
				CLANG_CXX_LANGUAGE_STANDARD = "gnu++0x";
				CLANG_CXX_LIBRARY = "libc++";
				CLANG_ENABLE_MODULES = YES;
				CLANG_ENABLE_OBJC_ARC = YES;
				CLANG_WARN_BOOL_CONVERSION = YES;
				CLANG_WARN_CONSTANT_CONVERSION = YES;
				CLANG_WARN_DIRECT_OBJC_ISA_USAGE = YES_ERROR;
				CLANG_WARN_EMPTY_BODY = YES;
				CLANG_WARN_ENUM_CONVERSION = YES;
				CLANG_WARN_INT_CONVERSION = YES;
				CLANG_WARN_OBJC_ROOT_CLASS = YES_ERROR;
				CLANG_WARN_UNREACHABLE_CODE = YES;
				CLANG_WARN__DUPLICATE_METHOD_MATCH = YES;
				CODE_SIGN_IDENTITY = "-";
				COPY_PHASE_STRIP = NO;
				DEBUG_INFORMATION_FORMAT = dwarf;
				ENABLE_STRICT_OBJC_MSGSEND = YES;
				GCC_C_LANGUAGE_STANDARD = gnu99;
				GCC_DYNAMIC_NO_PIC = NO;
				GCC_NO_COMMON_BLOCKS = YES;
				GCC_OPTIMIZATION_LEVEL = 0;
				GCC_PREPROCESSOR_DEFINITIONS = (
					"DEBUG=1",
					"$(inherited)",
				);
				GCC_SYMBOLS_PRIVATE_EXTERN = NO;
				GCC_WARN_64_TO_32_BIT_CONVERSION = YES;
				GCC_WARN_ABOUT_RETURN_TYPE = YES_ERROR;
				GCC_WARN_UNDECLARED_SELECTOR = YES;
				GCC_WARN_UNINITIALIZED_AUTOS = YES_AGGRESSIVE;
				GCC_WARN_UNUSED_FUNCTION = YES;
				GCC_WARN_UNUSED_VARIABLE = YES;
				MACOSX_DEPLOYMENT_TARGET = 10.10;
				MTL_ENABLE_DEBUG_INFO = YES;
				ONLY_ACTIVE_ARCH = YES;
				SDKROOT = macosx;
			};
			name = Debug;
		};
		CDCFCCF61B8E690300547F5C /* Release */ = {
			isa = XCBuildConfiguration;
			buildSettings = {
				ALWAYS_SEARCH_USER_PATHS = NO;
				CLANG_CXX_LANGUAGE_STANDARD = "gnu++0x";
				CLANG_CXX_LIBRARY = "libc++";
				CLANG_ENABLE_MODULES = YES;
				CLANG_ENABLE_OBJC_ARC = YES;
				CLANG_WARN_BOOL_CONVERSION = YES;
				CLANG_WARN_CONSTANT_CONVERSION = YES;
				CLANG_WARN_DIRECT_OBJC_ISA_USAGE = YES_ERROR;
				CLANG_WARN_EMPTY_BODY = YES;
				CLANG_WARN_ENUM_CONVERSION = YES;
				CLANG_WARN_INT_CONVERSION = YES;
				CLANG_WARN_OBJC_ROOT_CLASS = YES_ERROR;
				CLANG_WARN_UNREACHABLE_CODE = YES;
				CLANG_WARN__DUPLICATE_METHOD_MATCH = YES;
				CODE_SIGN_IDENTITY = "-";
				COPY_PHASE_STRIP = NO;
				DEBUG_INFORMATION_FORMAT = "dwarf-with-dsym";
				ENABLE_NS_ASSERTIONS = NO;
				ENABLE_STRICT_OBJC_MSGSEND = YES;
				GCC_C_LANGUAGE_STANDARD = gnu99;
				GCC_NO_COMMON_BLOCKS = YES;
				GCC_WARN_64_TO_32_BIT_CONVERSION = YES;
				GCC_WARN_ABOUT_RETURN_TYPE = YES_ERROR;
				GCC_WARN_UNDECLARED_SELECTOR = YES;
				GCC_WARN_UNINITIALIZED_AUTOS = YES_AGGRESSIVE;
				GCC_WARN_UNUSED_FUNCTION = YES;
				GCC_WARN_UNUSED_VARIABLE = YES;
				MACOSX_DEPLOYMENT_TARGET = 10.10;
				MTL_ENABLE_DEBUG_INFO = NO;
				SDKROOT = macosx;
			};
			name = Release;
		};
		CDCFCCF81B8E690300547F5C /* Debug */ = {
			isa = XCBuildConfiguration;
			buildSettings = {
				ASSETCATALOG_COMPILER_APPICON_NAME = AppIcon;
				CODE_SIGN_ENTITLEMENTS = googleTranslateWidget/googleTranslateWidget.entitlements;
				COMBINE_HIDPI_IMAGES = YES;
				INFOPLIST_FILE = googleTranslateWidget/Info.plist;
				LD_RUNPATH_SEARCH_PATHS = "$(inherited) @executable_path/../Frameworks";
				MACOSX_DEPLOYMENT_TARGET = 10.10;
				PRODUCT_NAME = "$(TARGET_NAME)";
			};
			name = Debug;
		};
		CDCFCCF91B8E690300547F5C /* Release */ = {
			isa = XCBuildConfiguration;
			buildSettings = {
				ASSETCATALOG_COMPILER_APPICON_NAME = AppIcon;
				CODE_SIGN_ENTITLEMENTS = googleTranslateWidget/googleTranslateWidget.entitlements;
				COMBINE_HIDPI_IMAGES = YES;
				INFOPLIST_FILE = googleTranslateWidget/Info.plist;
				LD_RUNPATH_SEARCH_PATHS = "$(inherited) @executable_path/../Frameworks";
				MACOSX_DEPLOYMENT_TARGET = 10.10;
				PRODUCT_NAME = "$(TARGET_NAME)";
			};
			name = Release;
		};
/* End XCBuildConfiguration section */

/* Begin XCConfigurationList section */
		CD8EEB991B8E69AA00E2991B /* Build configuration list for PBXNativeTarget "Swipe Translate Widget" */ = {
			isa = XCConfigurationList;
			buildConfigurations = (
				CD8EEB971B8E69AA00E2991B /* Debug */,
				CD8EEB981B8E69AA00E2991B /* Release */,
			);
			defaultConfigurationIsVisible = 0;
			defaultConfigurationName = Release;
		};
		CDCFCCD21B8E690200547F5C /* Build configuration list for PBXProject "googleTranslateWidget" */ = {
			isa = XCConfigurationList;
			buildConfigurations = (
				CDCFCCF51B8E690300547F5C /* Debug */,
				CDCFCCF61B8E690300547F5C /* Release */,
			);
			defaultConfigurationIsVisible = 0;
			defaultConfigurationName = Release;
		};
		CDCFCCF71B8E690300547F5C /* Build configuration list for PBXNativeTarget "Swipe Translate" */ = {
			isa = XCConfigurationList;
			buildConfigurations = (
				CDCFCCF81B8E690300547F5C /* Debug */,
				CDCFCCF91B8E690300547F5C /* Release */,
			);
			defaultConfigurationIsVisible = 0;
			defaultConfigurationName = Release;
		};
/* End XCConfigurationList section */
	};
	rootObject = CDCFCCCF1B8E690200547F5C /* Project object */;
}
